<?xml version="1.0" encoding="utf-8"?>
<Project ToolsVersion="4.0" xmlns="http://schemas.microsoft.com/developer/msbuild/2003">
  <ItemGroup>
    <ClCompile Include="TableTests.cpp" />
    <ClCompile Include="ImmutableIndexTests.cpp" />
    <ClCompile Include="TableSerializationTests.cpp" />
    <ClCompile Include="IntegratedIndexTests.cpp" />
    <ClCompile Include="AggregationTests.cpp" />
    <ClCompile Include="JoiningTests.cpp" />
    <ClCompile Include="OrderedIndexTests.cpp" />
    <ClCompile Include="IndexedSerializationTests.cpp" />
  </ItemGroup>
  <ItemGroup>
    <Filter Include="Library Headers">
      <UniqueIdentifier>{76673e85-5d08-4309-9036-cead590d1556}</UniqueIdentifier>
    </Filter>
  </ItemGroup>
  <ItemGroup>
    <ClInclude Include="..\table.h">
      <Filter>Library Headers</Filter>
    </ClInclude>
    <ClInclude Include="..\index.h">
      <Filter>Library Headers</Filter>
    </ClInclude>
    <ClInclude Include="..\serialization.h">
      <Filter>Library Headers</Filter>
    </ClInclude>
    <ClInclude Include="..\integrated_index.h">
      <Filter>Library Headers</Filter>
    </ClInclude>
    <ClInclude Include="..\transforms.h">
      <Filter>Library Headers</Filter>
    </ClInclude>
    <ClInclude Include="helpers.h" />
    <ClInclude Include="comparisons.h" />
    <ClInclude Include="..\table_component.h">
      <Filter>Library Headers</Filter>
    </ClInclude>
    <ClInclude Include="..\hash.h">
      <Filter>Library Headers</Filter>
    </ClInclude>
    <ClInclude Include="..\transform_iterator.h">
      <Filter>Library Headers</Filter>
    </ClInclude>
    <ClInclude Include="..\type_traits.h">
      <Filter>Library Headers</Filter>
    </ClInclude>
    <ClInclude Include="..\indexed_serialization.h">
      <Filter>Library Headers</Filter>
    </ClInclude>
  </ItemGroup>
</Project>