
Microsoft Visual Studio Solution File, Format Version 10.00
# Visual Studio 2008
Project("{8BC9CEB8-8B4A-11D0-8D11-00A0C91BC942}") = "micro-profiler", "micro-profiler\micro-profiler.vcproj", "{D5D49128-2510-4A14-9A0F-9F8F0ABAD700}"
EndProject
Project("{8BC9CEB8-8B4A-11D0-8D11-00A0C91BC942}") = "tests", "tests\tests.vcproj", "{6E34F1C3-EC9C-4580-BDEE-83CE58CAA1BF}"
EndProject
Project("{2150E333-8FDC-42A3-9474-1A3956D46DE8}") = "Solution Items", "Solution Items", "{3EEF26C9-61BD-4ED0-BD43-595E7D7114AB}"
	ProjectSection(SolutionItems) = preProject
		local.testrunconfig = local.testrunconfig
	EndProjectSection
EndProject
Project("{8BC9CEB8-8B4A-11D0-8D11-00A0C91BC942}") = "playground", "playground\playground.vcproj", "{0266546B-335D-4BDD-9BF0-15FCC31056BE}"
EndProject
Project("{8BC9CEB8-8B4A-11D0-8D11-00A0C91BC942}") = "micro-profiler-stub", "micro-profiler-stub\micro-profiler-stub.vcproj", "{3B1F8640-9F9A-4989-A074-73590A82A26C}"
EndProject
Global
	GlobalSection(SolutionConfigurationPlatforms) = preSolution
		Debug|Win32 = Debug|Win32
		Release|Win32 = Release|Win32
	EndGlobalSection
	GlobalSection(ProjectConfigurationPlatforms) = postSolution
		{D5D49128-2510-4A14-9A0F-9F8F0ABAD700}.Debug|Win32.ActiveCfg = Debug|Win32
		{D5D49128-2510-4A14-9A0F-9F8F0ABAD700}.Debug|Win32.Build.0 = Debug|Win32
		{D5D49128-2510-4A14-9A0F-9F8F0ABAD700}.Release|Win32.ActiveCfg = Release|Win32
		{D5D49128-2510-4A14-9A0F-9F8F0ABAD700}.Release|Win32.Build.0 = Release|Win32
		{6E34F1C3-EC9C-4580-BDEE-83CE58CAA1BF}.Debug|Win32.ActiveCfg = Debug|Win32
		{6E34F1C3-EC9C-4580-BDEE-83CE58CAA1BF}.Debug|Win32.Build.0 = Debug|Win32
		{6E34F1C3-EC9C-4580-BDEE-83CE58CAA1BF}.Release|Win32.ActiveCfg = Release|Win32
		{6E34F1C3-EC9C-4580-BDEE-83CE58CAA1BF}.Release|Win32.Build.0 = Release|Win32
		{0266546B-335D-4BDD-9BF0-15FCC31056BE}.Debug|Win32.ActiveCfg = Debug|Win32
		{0266546B-335D-4BDD-9BF0-15FCC31056BE}.Debug|Win32.Build.0 = Debug|Win32
		{0266546B-335D-4BDD-9BF0-15FCC31056BE}.Release|Win32.ActiveCfg = Release|Win32
		{0266546B-335D-4BDD-9BF0-15FCC31056BE}.Release|Win32.Build.0 = Release|Win32
		{3B1F8640-9F9A-4989-A074-73590A82A26C}.Debug|Win32.ActiveCfg = Debug|Win32
		{3B1F8640-9F9A-4989-A074-73590A82A26C}.Debug|Win32.Build.0 = Debug|Win32
		{3B1F8640-9F9A-4989-A074-73590A82A26C}.Release|Win32.ActiveCfg = Release|Win32
		{3B1F8640-9F9A-4989-A074-73590A82A26C}.Release|Win32.Build.0 = Release|Win32
	EndGlobalSection
	GlobalSection(SolutionProperties) = preSolution
		HideSolutionNode = FALSE
	EndGlobalSection
EndGlobal
