
Microsoft Visual Studio Solution File, Format Version 10.00
# Visual Studio 2008
Project("{8BC9CEB8-8B4A-11D0-8D11-00A0C91BC942}") = "micro-profiler", "micro-profiler\micro-profiler.vcproj", "{D5D49128-2510-4A14-9A0F-9F8F0ABAD700}"
EndProject
Project("{8BC9CEB8-8B4A-11D0-8D11-00A0C91BC942}") = "playground", "playground\playground.vcproj", "{0266546B-335D-4BDD-9BF0-15FCC31056BE}"
EndProject
Project("{8BC9CEB8-8B4A-11D0-8D11-00A0C91BC942}") = "deployment", "deployment\deployment.vcproj", "{AB34E6B5-083B-4463-9CF0-21B02F4C5D48}"
	ProjectSection(ProjectDependencies) = postProject
		{D5D49128-2510-4A14-9A0F-9F8F0ABAD700} = {D5D49128-2510-4A14-9A0F-9F8F0ABAD700}
		{3B1F8640-9F9A-4989-A074-73590A82A26C} = {3B1F8640-9F9A-4989-A074-73590A82A26C}
		{0266546B-335D-4BDD-9BF0-15FCC31056BE} = {0266546B-335D-4BDD-9BF0-15FCC31056BE}
		{6E34F1C3-EC9C-4580-BDEE-83CE58CAA1BF} = {6E34F1C3-EC9C-4580-BDEE-83CE58CAA1BF}
	EndProjectSection
EndProject
Project("{8BC9CEB8-8B4A-11D0-8D11-00A0C91BC942}") = "micro-profiler.tests", "micro-profiler.tests\micro-profiler.tests.vcproj", "{6E34F1C3-EC9C-4580-BDEE-83CE58CAA1BF}"
	ProjectSection(ProjectDependencies) = postProject
		{0D7CDC51-E10F-4ECC-88BB-CE415D80599E} = {0D7CDC51-E10F-4ECC-88BB-CE415D80599E}
		{63B63694-6773-47AE-8785-A25D8A5BAA22} = {63B63694-6773-47AE-8785-A25D8A5BAA22}
		{DB4F7DA2-1C0D-46F5-B20C-8801BD4A27F2} = {DB4F7DA2-1C0D-46F5-B20C-8801BD4A27F2}
	EndProjectSection
EndProject
Project("{8BC9CEB8-8B4A-11D0-8D11-00A0C91BC942}") = "mt.tests", "libraries\wpl\mt\tests\mt.tests.vcproj", "{CB422FF5-92D5-45BA-99DD-9B9D42CBA88F}"
EndProject
Project("{8BC9CEB8-8B4A-11D0-8D11-00A0C91BC942}") = "mt", "libraries\wpl\mt\src\mt.vcproj", "{4DB355C8-12F1-4BBD-842C-F8D085B52F8C}"
EndProject
Project("{8BC9CEB8-8B4A-11D0-8D11-00A0C91BC942}") = "ui", "libraries\wpl\ui\src\ui.vcproj", "{7F59DBD6-D111-41FE-B246-4D21AC5212CB}"
EndProject
Project("{8BC9CEB8-8B4A-11D0-8D11-00A0C91BC942}") = "ui.tests", "libraries\wpl\ui\tests\ui.tests.vcproj", "{685F6A5E-B74A-4ACF-873F-A5A6FB6AC8C9}"
EndProject
Project("{8BC9CEB8-8B4A-11D0-8D11-00A0C91BC942}") = "base.tests", "libraries\wpl\base\tests\base.tests.vcproj", "{D5D8229B-9269-4165-BD5E-0DC5504E120B}"
EndProject
Project("{8BC9CEB8-8B4A-11D0-8D11-00A0C91BC942}") = "micro-profiler.stub", "micro-profiler\micro-profiler.stub.vcproj", "{3B1F8640-9F9A-4989-A074-73590A82A26C}"
EndProject
Project("{8BC9CEB8-8B4A-11D0-8D11-00A0C91BC942}") = "micro-profiler.lib", "micro-profiler\micro-profiler.lib.vcproj", "{15AD9007-29B9-462F-B7BE-A433B6E83EC9}"
EndProject
Project("{8BC9CEB8-8B4A-11D0-8D11-00A0C91BC942}") = "easy-addin.tests", "libraries\easy-addin\tests\easy-addin.tests.vcproj", "{549BC5EC-9E8F-4EEC-A1B0-739EA8D9C74A}"
EndProject
Project("{2150E333-8FDC-42A3-9474-1A3956D46DE8}") = "libraries", "libraries", "{85A571F4-B083-407B-83B7-0FC97ACE4C44}"
EndProject
Project("{2150E333-8FDC-42A3-9474-1A3956D46DE8}") = "tests", "tests", "{54DE1CBB-2F06-437E-A06C-8FB121D64877}"
EndProject
Project("{2150E333-8FDC-42A3-9474-1A3956D46DE8}") = "tests", "tests", "{58F80688-78AC-4A6B-BC5C-4F4B16CF2A9F}"
EndProject
Project("{2150E333-8FDC-42A3-9474-1A3956D46DE8}") = "deploy", "deploy", "{AD4B7FF2-A8BC-4485-92DF-C34AD01B8BA5}"
EndProject
Project("{2150E333-8FDC-42A3-9474-1A3956D46DE8}") = "guineapigs", "guineapigs", "{FB859C21-8ECF-4E67-8457-60DCF18D0CB0}"
EndProject
Project("{8BC9CEB8-8B4A-11D0-8D11-00A0C91BC942}") = "symbol_container_1", "micro-profiler.tests\guineapigs\symbol_container_1.vcproj", "{0D7CDC51-E10F-4ECC-88BB-CE415D80599E}"
EndProject
Project("{8BC9CEB8-8B4A-11D0-8D11-00A0C91BC942}") = "symbol_container_2", "micro-profiler.tests\guineapigs\symbol_container_2.vcproj", "{63B63694-6773-47AE-8785-A25D8A5BAA22}"
EndProject
Project("{8BC9CEB8-8B4A-11D0-8D11-00A0C91BC942}") = "symbol_container_3_nosymbols", "micro-profiler.tests\guineapigs\symbol_container_3_nosymbols.vcproj", "{DB4F7DA2-1C0D-46F5-B20C-8801BD4A27F2}"
EndProject
Global
	GlobalSection(SolutionConfigurationPlatforms) = preSolution
		Debug|Win32 = Debug|Win32
		Release|Win32 = Release|Win32
	EndGlobalSection
	GlobalSection(ProjectConfigurationPlatforms) = postSolution
		{D5D49128-2510-4A14-9A0F-9F8F0ABAD700}.Debug|Win32.ActiveCfg = Debug|Win32
		{D5D49128-2510-4A14-9A0F-9F8F0ABAD700}.Debug|Win32.Build.0 = Debug|Win32
		{D5D49128-2510-4A14-9A0F-9F8F0ABAD700}.Release|Win32.ActiveCfg = Release|Win32
		{D5D49128-2510-4A14-9A0F-9F8F0ABAD700}.Release|Win32.Build.0 = Release|Win32
		{0266546B-335D-4BDD-9BF0-15FCC31056BE}.Debug|Win32.ActiveCfg = Debug|Win32
		{0266546B-335D-4BDD-9BF0-15FCC31056BE}.Debug|Win32.Build.0 = Debug|Win32
		{0266546B-335D-4BDD-9BF0-15FCC31056BE}.Release|Win32.ActiveCfg = Release|Win32
		{0266546B-335D-4BDD-9BF0-15FCC31056BE}.Release|Win32.Build.0 = Release|Win32
		{AB34E6B5-083B-4463-9CF0-21B02F4C5D48}.Debug|Win32.ActiveCfg = Release|Win32
		{AB34E6B5-083B-4463-9CF0-21B02F4C5D48}.Release|Win32.ActiveCfg = Release|Win32
		{AB34E6B5-083B-4463-9CF0-21B02F4C5D48}.Release|Win32.Build.0 = Release|Win32
		{6E34F1C3-EC9C-4580-BDEE-83CE58CAA1BF}.Debug|Win32.ActiveCfg = Debug|Win32
		{6E34F1C3-EC9C-4580-BDEE-83CE58CAA1BF}.Debug|Win32.Build.0 = Debug|Win32
		{6E34F1C3-EC9C-4580-BDEE-83CE58CAA1BF}.Release|Win32.ActiveCfg = Release|Win32
		{6E34F1C3-EC9C-4580-BDEE-83CE58CAA1BF}.Release|Win32.Build.0 = Release|Win32
		{CB422FF5-92D5-45BA-99DD-9B9D42CBA88F}.Debug|Win32.ActiveCfg = Debug|Win32
		{CB422FF5-92D5-45BA-99DD-9B9D42CBA88F}.Debug|Win32.Build.0 = Debug|Win32
		{CB422FF5-92D5-45BA-99DD-9B9D42CBA88F}.Release|Win32.ActiveCfg = Release|Win32
		{CB422FF5-92D5-45BA-99DD-9B9D42CBA88F}.Release|Win32.Build.0 = Release|Win32
		{4DB355C8-12F1-4BBD-842C-F8D085B52F8C}.Debug|Win32.ActiveCfg = Debug|Win32
		{4DB355C8-12F1-4BBD-842C-F8D085B52F8C}.Debug|Win32.Build.0 = Debug|Win32
		{4DB355C8-12F1-4BBD-842C-F8D085B52F8C}.Release|Win32.ActiveCfg = Release|Win32
		{4DB355C8-12F1-4BBD-842C-F8D085B52F8C}.Release|Win32.Build.0 = Release|Win32
		{7F59DBD6-D111-41FE-B246-4D21AC5212CB}.Debug|Win32.ActiveCfg = Debug|Win32
		{7F59DBD6-D111-41FE-B246-4D21AC5212CB}.Debug|Win32.Build.0 = Debug|Win32
		{7F59DBD6-D111-41FE-B246-4D21AC5212CB}.Release|Win32.ActiveCfg = Release|Win32
		{7F59DBD6-D111-41FE-B246-4D21AC5212CB}.Release|Win32.Build.0 = Release|Win32
		{685F6A5E-B74A-4ACF-873F-A5A6FB6AC8C9}.Debug|Win32.ActiveCfg = Debug|Win32
		{685F6A5E-B74A-4ACF-873F-A5A6FB6AC8C9}.Debug|Win32.Build.0 = Debug|Win32
		{685F6A5E-B74A-4ACF-873F-A5A6FB6AC8C9}.Release|Win32.ActiveCfg = Release|Win32
		{685F6A5E-B74A-4ACF-873F-A5A6FB6AC8C9}.Release|Win32.Build.0 = Release|Win32
		{D5D8229B-9269-4165-BD5E-0DC5504E120B}.Debug|Win32.ActiveCfg = Debug|Win32
		{D5D8229B-9269-4165-BD5E-0DC5504E120B}.Debug|Win32.Build.0 = Debug|Win32
		{D5D8229B-9269-4165-BD5E-0DC5504E120B}.Release|Win32.ActiveCfg = Release|Win32
		{D5D8229B-9269-4165-BD5E-0DC5504E120B}.Release|Win32.Build.0 = Release|Win32
		{3B1F8640-9F9A-4989-A074-73590A82A26C}.Debug|Win32.ActiveCfg = Debug|Win32
		{3B1F8640-9F9A-4989-A074-73590A82A26C}.Debug|Win32.Build.0 = Debug|Win32
		{3B1F8640-9F9A-4989-A074-73590A82A26C}.Release|Win32.ActiveCfg = Release|Win32
		{3B1F8640-9F9A-4989-A074-73590A82A26C}.Release|Win32.Build.0 = Release|Win32
		{15AD9007-29B9-462F-B7BE-A433B6E83EC9}.Debug|Win32.ActiveCfg = Debug|Win32
		{15AD9007-29B9-462F-B7BE-A433B6E83EC9}.Debug|Win32.Build.0 = Debug|Win32
		{15AD9007-29B9-462F-B7BE-A433B6E83EC9}.Release|Win32.ActiveCfg = Release|Win32
		{15AD9007-29B9-462F-B7BE-A433B6E83EC9}.Release|Win32.Build.0 = Release|Win32
		{549BC5EC-9E8F-4EEC-A1B0-739EA8D9C74A}.Debug|Win32.ActiveCfg = Debug|Win32
		{549BC5EC-9E8F-4EEC-A1B0-739EA8D9C74A}.Debug|Win32.Build.0 = Debug|Win32
		{549BC5EC-9E8F-4EEC-A1B0-739EA8D9C74A}.Release|Win32.ActiveCfg = Release|Win32
		{549BC5EC-9E8F-4EEC-A1B0-739EA8D9C74A}.Release|Win32.Build.0 = Release|Win32
		{0D7CDC51-E10F-4ECC-88BB-CE415D80599E}.Debug|Win32.ActiveCfg = Debug|Win32
		{0D7CDC51-E10F-4ECC-88BB-CE415D80599E}.Debug|Win32.Build.0 = Debug|Win32
		{0D7CDC51-E10F-4ECC-88BB-CE415D80599E}.Release|Win32.ActiveCfg = Release|Win32
		{0D7CDC51-E10F-4ECC-88BB-CE415D80599E}.Release|Win32.Build.0 = Release|Win32
		{63B63694-6773-47AE-8785-A25D8A5BAA22}.Debug|Win32.ActiveCfg = Debug|Win32
		{63B63694-6773-47AE-8785-A25D8A5BAA22}.Debug|Win32.Build.0 = Debug|Win32
		{63B63694-6773-47AE-8785-A25D8A5BAA22}.Release|Win32.ActiveCfg = Release|Win32
		{63B63694-6773-47AE-8785-A25D8A5BAA22}.Release|Win32.Build.0 = Release|Win32
		{DB4F7DA2-1C0D-46F5-B20C-8801BD4A27F2}.Debug|Win32.ActiveCfg = Debug|Win32
		{DB4F7DA2-1C0D-46F5-B20C-8801BD4A27F2}.Debug|Win32.Build.0 = Debug|Win32
		{DB4F7DA2-1C0D-46F5-B20C-8801BD4A27F2}.Release|Win32.ActiveCfg = Release|Win32
		{DB4F7DA2-1C0D-46F5-B20C-8801BD4A27F2}.Release|Win32.Build.0 = Release|Win32
	EndGlobalSection
	GlobalSection(SolutionProperties) = preSolution
		HideSolutionNode = FALSE
	EndGlobalSection
	GlobalSection(NestedProjects) = preSolution
		{AB34E6B5-083B-4463-9CF0-21B02F4C5D48} = {AD4B7FF2-A8BC-4485-92DF-C34AD01B8BA5}
		{6E34F1C3-EC9C-4580-BDEE-83CE58CAA1BF} = {58F80688-78AC-4A6B-BC5C-4F4B16CF2A9F}
		{FB859C21-8ECF-4E67-8457-60DCF18D0CB0} = {58F80688-78AC-4A6B-BC5C-4F4B16CF2A9F}
		{4DB355C8-12F1-4BBD-842C-F8D085B52F8C} = {85A571F4-B083-407B-83B7-0FC97ACE4C44}
		{7F59DBD6-D111-41FE-B246-4D21AC5212CB} = {85A571F4-B083-407B-83B7-0FC97ACE4C44}
		{54DE1CBB-2F06-437E-A06C-8FB121D64877} = {85A571F4-B083-407B-83B7-0FC97ACE4C44}
		{D5D8229B-9269-4165-BD5E-0DC5504E120B} = {54DE1CBB-2F06-437E-A06C-8FB121D64877}
		{549BC5EC-9E8F-4EEC-A1B0-739EA8D9C74A} = {54DE1CBB-2F06-437E-A06C-8FB121D64877}
		{CB422FF5-92D5-45BA-99DD-9B9D42CBA88F} = {54DE1CBB-2F06-437E-A06C-8FB121D64877}
		{685F6A5E-B74A-4ACF-873F-A5A6FB6AC8C9} = {54DE1CBB-2F06-437E-A06C-8FB121D64877}
		{0D7CDC51-E10F-4ECC-88BB-CE415D80599E} = {FB859C21-8ECF-4E67-8457-60DCF18D0CB0}
		{63B63694-6773-47AE-8785-A25D8A5BAA22} = {FB859C21-8ECF-4E67-8457-60DCF18D0CB0}
		{DB4F7DA2-1C0D-46F5-B20C-8801BD4A27F2} = {FB859C21-8ECF-4E67-8457-60DCF18D0CB0}
	EndGlobalSection
EndGlobal
