
Microsoft Visual Studio Solution File, Format Version 11.00
# Visual Studio 2010
Project("{8BC9CEB8-8B4A-11D0-8D11-00A0C91BC942}") = "micro-profiler", "micro-profiler\micro-profiler.vcxproj", "{D5D49128-2510-4A14-9A0F-9F8F0ABAD700}"
	ProjectSection(ProjectDependencies) = postProject
		{C6F0D31E-3D60-476A-A427-5919AFF52E8A} = {C6F0D31E-3D60-476A-A427-5919AFF52E8A}
	EndProjectSection
EndProject
Project("{8BC9CEB8-8B4A-11D0-8D11-00A0C91BC942}") = "playground", "playground\playground.vcxproj", "{3D930790-1E56-4749-9B09-731E22556CB1}"
EndProject
Project("{8BC9CEB8-8B4A-11D0-8D11-00A0C91BC942}") = "deployment", "deployment\deployment.vcxproj", "{AB34E6B5-083B-4463-9CF0-21B02F4C5D48}"
	ProjectSection(ProjectDependencies) = postProject
		{D5D49128-2510-4A14-9A0F-9F8F0ABAD700} = {D5D49128-2510-4A14-9A0F-9F8F0ABAD700}
		{3D930790-1E56-4749-9B09-731E22556CB1} = {3D930790-1E56-4749-9B09-731E22556CB1}
	EndProjectSection
EndProject
Project("{8BC9CEB8-8B4A-11D0-8D11-00A0C91BC942}") = "wpl.tests", "libraries\wpl\tests\wpl.tests.vcxproj", "{685F6A5E-B74A-4ACF-873F-A5A6FB6AC8C9}"
EndProject
Project("{8BC9CEB8-8B4A-11D0-8D11-00A0C91BC942}") = "wpl", "libraries\wpl\src\wpl.vcxproj", "{2423F23A-B689-F3F7-A864-A1729EC337C9}"
EndProject
Project("{2150E333-8FDC-42A3-9474-1A3956D46DE8}") = "deploy", "deploy", "{4CBC12AC-0837-43A8-B098-E47F096F91F0}"
EndProject
Project("{2150E333-8FDC-42A3-9474-1A3956D46DE8}") = "libraries", "libraries", "{FA650D5D-355E-46E0-9D03-5DA8E3AA6C80}"
EndProject
Project("{2150E333-8FDC-42A3-9474-1A3956D46DE8}") = "tests", "tests", "{DC591EF0-82F7-433C-B43D-1EED3A0F0E67}"
EndProject
Project("{2150E333-8FDC-42A3-9474-1A3956D46DE8}") = "tests", "tests", "{EC366B0C-68AA-4C2D-A15F-5CF9F4156B01}"
EndProject
Project("{2150E333-8FDC-42A3-9474-1A3956D46DE8}") = "guineapigs", "guineapigs", "{8A994BD7-54A9-4104-BA15-7D464E628591}"
EndProject
Project("{8BC9CEB8-8B4A-11D0-8D11-00A0C91BC942}") = "symbol_container_1", "micro-profiler.tests\guineapigs\symbol_container_1.vcxproj", "{0D7CDC51-E10F-4ECC-88BB-CE415D80599E}"
EndProject
Project("{8BC9CEB8-8B4A-11D0-8D11-00A0C91BC942}") = "symbol_container_2", "micro-profiler.tests\guineapigs\symbol_container_2.vcxproj", "{63B63694-6773-47AE-8785-A25D8A5BAA22}"
EndProject
Project("{8BC9CEB8-8B4A-11D0-8D11-00A0C91BC942}") = "symbol_container_3_nosymbols", "micro-profiler.tests\guineapigs\symbol_container_3_nosymbols.vcxproj", "{DB4F7DA2-1C0D-46F5-B20C-8801BD4A27F2}"
EndProject
Project("{2150E333-8FDC-42A3-9474-1A3956D46DE8}") = "scripts", "scripts", "{229F9C5A-B067-499C-8EC7-789EA70984A1}"
	ProjectSection(SolutionItems) = preProject
		build.cmd = build.cmd
		scripts\make-version.cmd = scripts\make-version.cmd
		scripts\mkzip.cmd = scripts\mkzip.cmd
		scripts\replace.cmd = scripts\replace.cmd
		scripts\sha256.cmd = scripts\sha256.cmd
	EndProjectSection
EndProject
Project("{2150E333-8FDC-42A3-9474-1A3956D46DE8}") = "build-info", "build-info", "{6F621512-D54A-4939-A912-BA5266FE8131}"
	ProjectSection(SolutionItems) = preProject
		version.h = version.h
	EndProjectSection
EndProject
Project("{930C7802-8A8C-48F9-8165-68863BCCD9DD}") = "micro-profiler.installer", "deployment\wix\micro-profiler.installer.wixproj", "{EE4583A8-C1F3-4353-B504-4D739466FF63}"
	ProjectSection(ProjectDependencies) = postProject
		{E438720E-5FD4-DC27-B547-B4F8BAEB1FD6} = {E438720E-5FD4-DC27-B547-B4F8BAEB1FD6}
		{C6F0D31E-3D60-476A-A427-5919AFF52E8A} = {C6F0D31E-3D60-476A-A427-5919AFF52E8A}
		{5EDCE420-14E9-46E6-B19E-E4AC3240FC94} = {5EDCE420-14E9-46E6-B19E-E4AC3240FC94}
		{D5D49128-2510-4A14-9A0F-9F8F0ABAD700} = {D5D49128-2510-4A14-9A0F-9F8F0ABAD700}
		{3888C39F-2F1A-40F0-B75E-7EF50D1B5CA7} = {3888C39F-2F1A-40F0-B75E-7EF50D1B5CA7}
	EndProjectSection
EndProject
Project("{8BC9CEB8-8B4A-11D0-8D11-00A0C91BC942}") = "agge", "libraries\agge\src\agge\agge.vcxproj", "{F849E92C-248A-46B2-9EAB-F86578A21316}"
EndProject
Project("{8BC9CEB8-8B4A-11D0-8D11-00A0C91BC942}") = "utee", "libraries\utee\make\utee.vcxproj", "{4DB73ACE-2D47-4A6C-8213-2BE191DD921F}"
EndProject
Project("{2150E333-8FDC-42A3-9474-1A3956D46DE8}") = "tools", "tools", "{D6AE81FB-2D24-47BD-B23A-6AF09C99B918}"
EndProject
Project("{8BC9CEB8-8B4A-11D0-8D11-00A0C91BC942}") = "utee-runner", "libraries\utee\make\utee-runner.vcxproj", "{AD0BA725-9F6F-474E-ADB0-1F506B1CD394}"
EndProject
Project("{8BC9CEB8-8B4A-11D0-8D11-00A0C91BC942}") = "agge.tests", "libraries\agge\tests\agge\agge.tests.vcxproj", "{A180777F-1EE0-4E11-90CA-D81B01D45ED3}"
EndProject
Project("{8BC9CEB8-8B4A-11D0-8D11-00A0C91BC942}") = "strmd.tests", "libraries\strmd\tests\strmd.tests.vcxproj", "{CC4F834A-FA9B-40AD-BA2C-5BDFDF95BDFA}"
EndProject
Project("{8BC9CEB8-8B4A-11D0-8D11-00A0C91BC942}") = "micro-profiler.ui", "micro-profiler\micro-profiler.ui.vcxproj", "{C6F0D31E-3D60-476A-A427-5919AFF52E8A}"
EndProject
Project("{8BC9CEB8-8B4A-11D0-8D11-00A0C91BC942}") = "common", "common\src\common.vcxproj", "{69508827-452F-479E-A28F-AF300C5C1633}"
EndProject
Project("{8BC9CEB8-8B4A-11D0-8D11-00A0C91BC942}") = "common.tests", "common\tests\common.tests.vcxproj", "{0FCF8B72-B1A4-48E8-A938-8631174ACFC7}"
EndProject
Project("{8BC9CEB8-8B4A-11D0-8D11-00A0C91BC942}") = "test-helpers", "test-helpers\src\test-helpers.vcxproj", "{3B56B4A3-F4F6-44EC-A7F5-E9045A3C3394}"
EndProject
Project("{8BC9CEB8-8B4A-11D0-8D11-00A0C91BC942}") = "collector.lib", "collector\src\collector.lib.vcxproj", "{ED61E2D0-F586-4B4E-9CE6-BAE8F03DBBC7}"
EndProject
Project("{8BC9CEB8-8B4A-11D0-8D11-00A0C91BC942}") = "collector.tests", "collector\tests\collector.tests.vcxproj", "{EA61B516-201C-4AB0-93C4-D43248712764}"
EndProject
Project("{8BC9CEB8-8B4A-11D0-8D11-00A0C91BC942}") = "collector", "collector\src\collector.vcxproj", "{5EDCE420-14E9-46E6-B19E-E4AC3240FC94}"
EndProject
Project("{8BC9CEB8-8B4A-11D0-8D11-00A0C91BC942}") = "frontend.lib", "frontend\src\frontend.lib.vcxproj", "{15AD9007-29B9-462F-B7BE-A433B6E83EC9}"
EndProject
Project("{8BC9CEB8-8B4A-11D0-8D11-00A0C91BC942}") = "frontend.tests", "frontend\tests\frontend.tests.vcxproj", "{81701143-86EC-4436-9CF7-697EE748BCE8}"
EndProject
Project("{8BC9CEB8-8B4A-11D0-8D11-00A0C91BC942}") = "ipc.tests", "ipc\tests\ipc.tests.vcxproj", "{1220DC3A-2E6D-492E-95B2-73968C209940}"
	ProjectSection(ProjectDependencies) = postProject
		{C6E7C35E-432F-45BB-9327-DB8879734D48} = {C6E7C35E-432F-45BB-9327-DB8879734D48}
		{957A90B6-81AC-4E4E-91BC-EBDAE03EC104} = {957A90B6-81AC-4E4E-91BC-EBDAE03EC104}
	EndProjectSection
EndProject
Project("{8BC9CEB8-8B4A-11D0-8D11-00A0C91BC942}") = "ipc", "ipc\src\ipc.vcxproj", "{2ECFC1AE-8829-4A91-9B6E-2BEFC569ACF7}"
EndProject
Project("{8BC9CEB8-8B4A-11D0-8D11-00A0C91BC942}") = "tests.common", "libraries\agge\tests\common\src\tests.common.vcxproj", "{01F120A2-7E71-4C3A-B4A8-1F396DA7A0AD}"
EndProject
Project("{8BC9CEB8-8B4A-11D0-8D11-00A0C91BC942}") = "patcher.lib", "patcher\src\patcher.lib.vcxproj", "{84891947-5BFB-45F2-B495-20B93AAB1B44}"
EndProject
Project("{8BC9CEB8-8B4A-11D0-8D11-00A0C91BC942}") = "patcher.tests", "patcher\tests\patcher.tests.vcxproj", "{C051C262-E929-4A27-B8A6-1BC5345747B6}"
EndProject
Project("{2150E333-8FDC-42A3-9474-1A3956D46DE8}") = "debug", "debug", "{235C198B-8F2F-48EB-BD93-F0D26E39EBEF}"
	ProjectSection(SolutionItems) = preProject
		debug\autoexp.dat = debug\autoexp.dat
		debug\visualizers.natvis = debug\visualizers.natvis
	EndProjectSection
EndProject
Project("{8BC9CEB8-8B4A-11D0-8D11-00A0C91BC942}") = "mt", "mt\src\mt.vcxproj", "{3D321437-3220-4BAF-AA87-A5D6297BBE82}"
EndProject
Project("{8BC9CEB8-8B4A-11D0-8D11-00A0C91BC942}") = "micro-profiler.tests", "micro-profiler.tests\micro-profiler.tests.vcxproj", "{8C499723-AB70-4401-9089-864A948532AF}"
EndProject
Project("{8BC9CEB8-8B4A-11D0-8D11-00A0C91BC942}") = "symbol_container_2_instrumented", "micro-profiler.tests\guineapigs\symbol_container_2_instrumented.vcxproj", "{02D60EA4-E979-4333-AF22-909B005BED04}"
EndProject
Project("{8BC9CEB8-8B4A-11D0-8D11-00A0C91BC942}") = "mt.tests", "mt\tests\mt.tests.vcxproj", "{9B322934-ADAB-4D13-965E-E27879370F77}"
EndProject
Project("{8BC9CEB8-8B4A-11D0-8D11-00A0C91BC942}") = "guinea_runner", "micro-profiler.tests\guineapigs\guinea_runner.vcxproj", "{CD421114-D215-4B1E-A884-55CD1858802D}"
EndProject
Project("{8BC9CEB8-8B4A-11D0-8D11-00A0C91BC942}") = "injector.tests", "injector\tests\injector.tests.vcxproj", "{58516232-A3AD-4D87-B469-C5CF828AE8F1}"
EndProject
Project("{8BC9CEB8-8B4A-11D0-8D11-00A0C91BC942}") = "injector.lib", "injector\src\injector.lib.vcxproj", "{B0596B9D-8303-4FD1-8A0A-5DB7882F6F89}"
EndProject
Project("{8BC9CEB8-8B4A-11D0-8D11-00A0C91BC942}") = "standalone", "standalone\standalone.vcxproj", "{3888C39F-2F1A-40F0-B75E-7EF50D1B5CA7}"
EndProject
Project("{8BC9CEB8-8B4A-11D0-8D11-00A0C91BC942}") = "micro-profiler.ui.vs10", "micro-profiler\micro-profiler.ui.vs10.vcxproj", "{E438720E-5FD4-DC27-B547-B4F8BAEB1FD6}"
EndProject
Project("{8BC9CEB8-8B4A-11D0-8D11-00A0C91BC942}") = "logger.tests", "logger\tests\logger.tests.vcxproj", "{97C8E773-9F28-4A36-B8B5-D28046B3FDDD}"
EndProject
Project("{8BC9CEB8-8B4A-11D0-8D11-00A0C91BC942}") = "logger", "logger\src\logger.vcxproj", "{F1EB4266-766C-4087-95F4-387A955B12AA}"
EndProject
Project("{8BC9CEB8-8B4A-11D0-8D11-00A0C91BC942}") = "agge.text", "libraries\agge\src\agge.text\agge.text.vcxproj", "{4B446510-FA62-AD02-51BA-9BDE9564FF26}"
EndProject
Project("{8BC9CEB8-8B4A-11D0-8D11-00A0C91BC942}") = "wpl.vs", "libraries\wpl.vs\src\wpl.vs.vcxproj", "{120FA1C6-37AA-42CE-B922-346BF91EEC0F}"
EndProject
Project("{8BC9CEB8-8B4A-11D0-8D11-00A0C91BC942}") = "freetype2", "libraries\freetype2\builds\windows\vc2010\freetype2.vcxproj", "{78B079BD-9FC7-4B9E-B4A6-96DA0F00248B}"
EndProject
Project("{8BC9CEB8-8B4A-11D0-8D11-00A0C91BC942}") = "wpl-tests-common", "libraries\wpl\tests\common\wpl-tests-common.vcxproj", "{9A6A2463-D5CE-47DD-B69F-E13B08F8E1EC}"
EndProject
Project("{8BC9CEB8-8B4A-11D0-8D11-00A0C91BC942}") = "scheduler", "scheduler\src\scheduler.vcxproj", "{D319214F-4C16-406A-9AD5-70D1B4F4AA4E}"
EndProject
Project("{8BC9CEB8-8B4A-11D0-8D11-00A0C91BC942}") = "scheduler.tests", "scheduler\tests\scheduler.tests.vcxproj", "{A04A53AA-4991-4D8C-906C-428D15DB89D2}"
EndProject
Project("{8BC9CEB8-8B4A-11D0-8D11-00A0C91BC942}") = "wpl.win32.tests", "libraries\wpl\tests\win32\wpl.win32.tests.vcxproj", "{0AB5C43E-DEAD-4C33-9B56-702BAFC1EA37}"
EndProject
Project("{8BC9CEB8-8B4A-11D0-8D11-00A0C91BC942}") = "agge.text.tests", "libraries\agge\tests\agge.text\agge.text.tests.vcxproj", "{60F5D59B-7647-25B1-BF47-8527687DA8AE}"
EndProject
Project("{8BC9CEB8-8B4A-11D0-8D11-00A0C91BC942}") = "views.tests", "views\tests\views.tests.vcxproj", "{EF72A11B-BC6E-4F5E-AFAB-34C87ED8ED7C}"
EndProject
Project("{8BC9CEB8-8B4A-11D0-8D11-00A0C91BC942}") = "math.tests", "math\tests\math.tests.vcxproj", "{E00E7A03-E0B0-4F9B-82A1-1448CC321BBD}"
EndProject
Project("{8BC9CEB8-8B4A-11D0-8D11-00A0C91BC942}") = "math", "math\src\math.vcxproj", "{096504A2-764C-494A-805C-D16815AC0DC5}"
EndProject
Project("{8BC9CEB8-8B4A-11D0-8D11-00A0C91BC942}") = "reqm.tests", "reqm\tests\reqm.tests.vcxproj", "{1655DC47-0291-4459-86D5-D8FF39212EA6}"
EndProject
Project("{8BC9CEB8-8B4A-11D0-8D11-00A0C91BC942}") = "viewer", "standalone\viewer.vcxproj", "{D2DF8893-610C-49E8-B016-47AA0622E3D6}"
EndProject
Project("{8BC9CEB8-8B4A-11D0-8D11-00A0C91BC942}") = "savant_db.tests", "sdb\tests\savant_db.tests.vcxproj", "{568C6092-C213-4E8D-B0C0-2BAE495182F6}"
EndProject
Project("{8BC9CEB8-8B4A-11D0-8D11-00A0C91BC942}") = "explorer.lib", "explorer\src\explorer.lib.vcxproj", "{7F768E1B-51FB-46E9-88C6-43E9F136710A}"
EndProject
Project("{8BC9CEB8-8B4A-11D0-8D11-00A0C91BC942}") = "explorer.tests", "explorer\tests\explorer.tests.vcxproj", "{4B88C6DA-6F89-499D-A0C2-8174871CB6A8}"
EndProject
Project("{8BC9CEB8-8B4A-11D0-8D11-00A0C91BC942}") = "guinea_ipc_spawn", "ipc\tests\guinea_ipc_spawn.vcxproj", "{957A90B6-81AC-4E4E-91BC-EBDAE03EC104}"
EndProject
Project("{8BC9CEB8-8B4A-11D0-8D11-00A0C91BC942}") = "guinea_ipc_spawn_server", "ipc\tests\guinea_ipc_spawn_server.vcxproj", "{C6E7C35E-432F-45BB-9327-DB8879734D48}"
EndProject
Project("{8BC9CEB8-8B4A-11D0-8D11-00A0C91BC942}") = "ipc.spawn", "ipc\src\ipc.spawn.vcxproj", "{416EE095-EA66-4FA4-BE02-0CE790766B25}"
EndProject
Project("{8BC9CEB8-8B4A-11D0-8D11-00A0C91BC942}") = "sandbox", "sandbox\src\sandbox.vcxproj", "{03B7EEFD-9214-4B93-8862-15EF9615F862}"
EndProject
Project("{8BC9CEB8-8B4A-11D0-8D11-00A0C91BC942}") = "patcher.benchmark", "patcher\benchmark\patcher.benchmark.vcxproj", "{5BA934D0-8FA1-49D8-964D-5D4E6154388E}"
EndProject
Global
	GlobalSection(SolutionConfigurationPlatforms) = preSolution
		Debug|Win32 = Debug|Win32
		Debug|x64 = Debug|x64
		Release|Win32 = Release|Win32
		Release|x64 = Release|x64
	EndGlobalSection
	GlobalSection(ProjectConfigurationPlatforms) = postSolution
		{D5D49128-2510-4A14-9A0F-9F8F0ABAD700}.Debug|Win32.ActiveCfg = Debug|Win32
		{D5D49128-2510-4A14-9A0F-9F8F0ABAD700}.Debug|Win32.Build.0 = Debug|Win32
		{D5D49128-2510-4A14-9A0F-9F8F0ABAD700}.Debug|x64.ActiveCfg = Debug|x64
		{D5D49128-2510-4A14-9A0F-9F8F0ABAD700}.Debug|x64.Build.0 = Debug|x64
		{D5D49128-2510-4A14-9A0F-9F8F0ABAD700}.Release|Win32.ActiveCfg = Release|Win32
		{D5D49128-2510-4A14-9A0F-9F8F0ABAD700}.Release|Win32.Build.0 = Release|Win32
		{D5D49128-2510-4A14-9A0F-9F8F0ABAD700}.Release|x64.ActiveCfg = Release|x64
		{D5D49128-2510-4A14-9A0F-9F8F0ABAD700}.Release|x64.Build.0 = Release|x64
		{3D930790-1E56-4749-9B09-731E22556CB1}.Debug|Win32.ActiveCfg = Debug|Win32
		{3D930790-1E56-4749-9B09-731E22556CB1}.Debug|Win32.Build.0 = Debug|Win32
		{3D930790-1E56-4749-9B09-731E22556CB1}.Debug|x64.ActiveCfg = Debug|x64
		{3D930790-1E56-4749-9B09-731E22556CB1}.Debug|x64.Build.0 = Debug|x64
		{3D930790-1E56-4749-9B09-731E22556CB1}.Release|Win32.ActiveCfg = Release|Win32
		{3D930790-1E56-4749-9B09-731E22556CB1}.Release|Win32.Build.0 = Release|Win32
		{3D930790-1E56-4749-9B09-731E22556CB1}.Release|x64.ActiveCfg = Release|x64
		{3D930790-1E56-4749-9B09-731E22556CB1}.Release|x64.Build.0 = Release|x64
		{AB34E6B5-083B-4463-9CF0-21B02F4C5D48}.Debug|Win32.ActiveCfg = Release|Win32
		{AB34E6B5-083B-4463-9CF0-21B02F4C5D48}.Debug|x64.ActiveCfg = Release|x64
		{AB34E6B5-083B-4463-9CF0-21B02F4C5D48}.Release|Win32.ActiveCfg = Release|Win32
		{AB34E6B5-083B-4463-9CF0-21B02F4C5D48}.Release|Win32.Build.0 = Release|Win32
		{AB34E6B5-083B-4463-9CF0-21B02F4C5D48}.Release|x64.ActiveCfg = Release|x64
		{AB34E6B5-083B-4463-9CF0-21B02F4C5D48}.Release|x64.Build.0 = Release|x64
		{685F6A5E-B74A-4ACF-873F-A5A6FB6AC8C9}.Debug|Win32.ActiveCfg = Debug|Win32
		{685F6A5E-B74A-4ACF-873F-A5A6FB6AC8C9}.Debug|Win32.Build.0 = Debug|Win32
		{685F6A5E-B74A-4ACF-873F-A5A6FB6AC8C9}.Debug|x64.ActiveCfg = Debug|x64
		{685F6A5E-B74A-4ACF-873F-A5A6FB6AC8C9}.Debug|x64.Build.0 = Debug|x64
		{685F6A5E-B74A-4ACF-873F-A5A6FB6AC8C9}.Release|Win32.ActiveCfg = Release|Win32
		{685F6A5E-B74A-4ACF-873F-A5A6FB6AC8C9}.Release|Win32.Build.0 = Release|Win32
		{685F6A5E-B74A-4ACF-873F-A5A6FB6AC8C9}.Release|x64.ActiveCfg = Release|x64
		{685F6A5E-B74A-4ACF-873F-A5A6FB6AC8C9}.Release|x64.Build.0 = Release|x64
		{2423F23A-B689-F3F7-A864-A1729EC337C9}.Debug|Win32.ActiveCfg = Debug|Win32
		{2423F23A-B689-F3F7-A864-A1729EC337C9}.Debug|Win32.Build.0 = Debug|Win32
		{2423F23A-B689-F3F7-A864-A1729EC337C9}.Debug|x64.ActiveCfg = Debug|x64
		{2423F23A-B689-F3F7-A864-A1729EC337C9}.Debug|x64.Build.0 = Debug|x64
		{2423F23A-B689-F3F7-A864-A1729EC337C9}.Release|Win32.ActiveCfg = Release|Win32
		{2423F23A-B689-F3F7-A864-A1729EC337C9}.Release|Win32.Build.0 = Release|Win32
		{2423F23A-B689-F3F7-A864-A1729EC337C9}.Release|x64.ActiveCfg = Release|x64
		{2423F23A-B689-F3F7-A864-A1729EC337C9}.Release|x64.Build.0 = Release|x64
		{0D7CDC51-E10F-4ECC-88BB-CE415D80599E}.Debug|Win32.ActiveCfg = Debug|Win32
		{0D7CDC51-E10F-4ECC-88BB-CE415D80599E}.Debug|Win32.Build.0 = Debug|Win32
		{0D7CDC51-E10F-4ECC-88BB-CE415D80599E}.Debug|x64.ActiveCfg = Debug|x64
		{0D7CDC51-E10F-4ECC-88BB-CE415D80599E}.Debug|x64.Build.0 = Debug|x64
		{0D7CDC51-E10F-4ECC-88BB-CE415D80599E}.Release|Win32.ActiveCfg = Release|Win32
		{0D7CDC51-E10F-4ECC-88BB-CE415D80599E}.Release|Win32.Build.0 = Release|Win32
		{0D7CDC51-E10F-4ECC-88BB-CE415D80599E}.Release|x64.ActiveCfg = Release|x64
		{0D7CDC51-E10F-4ECC-88BB-CE415D80599E}.Release|x64.Build.0 = Release|x64
		{63B63694-6773-47AE-8785-A25D8A5BAA22}.Debug|Win32.ActiveCfg = Debug|Win32
		{63B63694-6773-47AE-8785-A25D8A5BAA22}.Debug|Win32.Build.0 = Debug|Win32
		{63B63694-6773-47AE-8785-A25D8A5BAA22}.Debug|x64.ActiveCfg = Debug|x64
		{63B63694-6773-47AE-8785-A25D8A5BAA22}.Debug|x64.Build.0 = Debug|x64
		{63B63694-6773-47AE-8785-A25D8A5BAA22}.Release|Win32.ActiveCfg = Release|Win32
		{63B63694-6773-47AE-8785-A25D8A5BAA22}.Release|Win32.Build.0 = Release|Win32
		{63B63694-6773-47AE-8785-A25D8A5BAA22}.Release|x64.ActiveCfg = Release|x64
		{63B63694-6773-47AE-8785-A25D8A5BAA22}.Release|x64.Build.0 = Release|x64
		{DB4F7DA2-1C0D-46F5-B20C-8801BD4A27F2}.Debug|Win32.ActiveCfg = Debug|Win32
		{DB4F7DA2-1C0D-46F5-B20C-8801BD4A27F2}.Debug|Win32.Build.0 = Debug|Win32
		{DB4F7DA2-1C0D-46F5-B20C-8801BD4A27F2}.Debug|x64.ActiveCfg = Debug|x64
		{DB4F7DA2-1C0D-46F5-B20C-8801BD4A27F2}.Debug|x64.Build.0 = Debug|x64
		{DB4F7DA2-1C0D-46F5-B20C-8801BD4A27F2}.Release|Win32.ActiveCfg = Release|Win32
		{DB4F7DA2-1C0D-46F5-B20C-8801BD4A27F2}.Release|Win32.Build.0 = Release|Win32
		{DB4F7DA2-1C0D-46F5-B20C-8801BD4A27F2}.Release|x64.ActiveCfg = Release|x64
		{DB4F7DA2-1C0D-46F5-B20C-8801BD4A27F2}.Release|x64.Build.0 = Release|x64
		{EE4583A8-C1F3-4353-B504-4D739466FF63}.Debug|Win32.ActiveCfg = Debug|x86
		{EE4583A8-C1F3-4353-B504-4D739466FF63}.Debug|x64.ActiveCfg = Debug|x64
		{EE4583A8-C1F3-4353-B504-4D739466FF63}.Release|Win32.ActiveCfg = Release|x86
		{EE4583A8-C1F3-4353-B504-4D739466FF63}.Release|x64.ActiveCfg = Release|x64
		{F849E92C-248A-46B2-9EAB-F86578A21316}.Debug|Win32.ActiveCfg = Debug|Win32
		{F849E92C-248A-46B2-9EAB-F86578A21316}.Debug|Win32.Build.0 = Debug|Win32
		{F849E92C-248A-46B2-9EAB-F86578A21316}.Debug|x64.ActiveCfg = Debug|x64
		{F849E92C-248A-46B2-9EAB-F86578A21316}.Debug|x64.Build.0 = Debug|x64
		{F849E92C-248A-46B2-9EAB-F86578A21316}.Release|Win32.ActiveCfg = Release|Win32
		{F849E92C-248A-46B2-9EAB-F86578A21316}.Release|Win32.Build.0 = Release|Win32
		{F849E92C-248A-46B2-9EAB-F86578A21316}.Release|x64.ActiveCfg = Release|x64
		{F849E92C-248A-46B2-9EAB-F86578A21316}.Release|x64.Build.0 = Release|x64
		{4DB73ACE-2D47-4A6C-8213-2BE191DD921F}.Debug|Win32.ActiveCfg = Debug|Win32
		{4DB73ACE-2D47-4A6C-8213-2BE191DD921F}.Debug|Win32.Build.0 = Debug|Win32
		{4DB73ACE-2D47-4A6C-8213-2BE191DD921F}.Debug|x64.ActiveCfg = Debug|x64
		{4DB73ACE-2D47-4A6C-8213-2BE191DD921F}.Debug|x64.Build.0 = Debug|x64
		{4DB73ACE-2D47-4A6C-8213-2BE191DD921F}.Release|Win32.ActiveCfg = Release|Win32
		{4DB73ACE-2D47-4A6C-8213-2BE191DD921F}.Release|Win32.Build.0 = Release|Win32
		{4DB73ACE-2D47-4A6C-8213-2BE191DD921F}.Release|x64.ActiveCfg = Release|x64
		{4DB73ACE-2D47-4A6C-8213-2BE191DD921F}.Release|x64.Build.0 = Release|x64
		{AD0BA725-9F6F-474E-ADB0-1F506B1CD394}.Debug|Win32.ActiveCfg = Debug|Win32
		{AD0BA725-9F6F-474E-ADB0-1F506B1CD394}.Debug|Win32.Build.0 = Debug|Win32
		{AD0BA725-9F6F-474E-ADB0-1F506B1CD394}.Debug|x64.ActiveCfg = Debug|x64
		{AD0BA725-9F6F-474E-ADB0-1F506B1CD394}.Debug|x64.Build.0 = Debug|x64
		{AD0BA725-9F6F-474E-ADB0-1F506B1CD394}.Release|Win32.ActiveCfg = Release|Win32
		{AD0BA725-9F6F-474E-ADB0-1F506B1CD394}.Release|Win32.Build.0 = Release|Win32
		{AD0BA725-9F6F-474E-ADB0-1F506B1CD394}.Release|x64.ActiveCfg = Release|x64
		{AD0BA725-9F6F-474E-ADB0-1F506B1CD394}.Release|x64.Build.0 = Release|x64
		{A180777F-1EE0-4E11-90CA-D81B01D45ED3}.Debug|Win32.ActiveCfg = Debug|Win32
		{A180777F-1EE0-4E11-90CA-D81B01D45ED3}.Debug|Win32.Build.0 = Debug|Win32
		{A180777F-1EE0-4E11-90CA-D81B01D45ED3}.Debug|x64.ActiveCfg = Debug|x64
		{A180777F-1EE0-4E11-90CA-D81B01D45ED3}.Debug|x64.Build.0 = Debug|x64
		{A180777F-1EE0-4E11-90CA-D81B01D45ED3}.Release|Win32.ActiveCfg = Release|Win32
		{A180777F-1EE0-4E11-90CA-D81B01D45ED3}.Release|Win32.Build.0 = Release|Win32
		{A180777F-1EE0-4E11-90CA-D81B01D45ED3}.Release|x64.ActiveCfg = Release|x64
		{A180777F-1EE0-4E11-90CA-D81B01D45ED3}.Release|x64.Build.0 = Release|x64
		{CC4F834A-FA9B-40AD-BA2C-5BDFDF95BDFA}.Debug|Win32.ActiveCfg = Debug|Win32
		{CC4F834A-FA9B-40AD-BA2C-5BDFDF95BDFA}.Debug|Win32.Build.0 = Debug|Win32
		{CC4F834A-FA9B-40AD-BA2C-5BDFDF95BDFA}.Debug|x64.ActiveCfg = Debug|x64
		{CC4F834A-FA9B-40AD-BA2C-5BDFDF95BDFA}.Debug|x64.Build.0 = Debug|x64
		{CC4F834A-FA9B-40AD-BA2C-5BDFDF95BDFA}.Release|Win32.ActiveCfg = Release|Win32
		{CC4F834A-FA9B-40AD-BA2C-5BDFDF95BDFA}.Release|Win32.Build.0 = Release|Win32
		{CC4F834A-FA9B-40AD-BA2C-5BDFDF95BDFA}.Release|x64.ActiveCfg = Release|x64
		{CC4F834A-FA9B-40AD-BA2C-5BDFDF95BDFA}.Release|x64.Build.0 = Release|x64
		{C6F0D31E-3D60-476A-A427-5919AFF52E8A}.Debug|Win32.ActiveCfg = Debug|Win32
		{C6F0D31E-3D60-476A-A427-5919AFF52E8A}.Debug|Win32.Build.0 = Debug|Win32
		{C6F0D31E-3D60-476A-A427-5919AFF52E8A}.Debug|x64.ActiveCfg = Debug|x64
		{C6F0D31E-3D60-476A-A427-5919AFF52E8A}.Debug|x64.Build.0 = Debug|x64
		{C6F0D31E-3D60-476A-A427-5919AFF52E8A}.Release|Win32.ActiveCfg = Release|Win32
		{C6F0D31E-3D60-476A-A427-5919AFF52E8A}.Release|Win32.Build.0 = Release|Win32
		{C6F0D31E-3D60-476A-A427-5919AFF52E8A}.Release|x64.ActiveCfg = Release|x64
		{C6F0D31E-3D60-476A-A427-5919AFF52E8A}.Release|x64.Build.0 = Release|x64
		{69508827-452F-479E-A28F-AF300C5C1633}.Debug|Win32.ActiveCfg = Debug|Win32
		{69508827-452F-479E-A28F-AF300C5C1633}.Debug|Win32.Build.0 = Debug|Win32
		{69508827-452F-479E-A28F-AF300C5C1633}.Debug|x64.ActiveCfg = Debug|x64
		{69508827-452F-479E-A28F-AF300C5C1633}.Debug|x64.Build.0 = Debug|x64
		{69508827-452F-479E-A28F-AF300C5C1633}.Release|Win32.ActiveCfg = Release|Win32
		{69508827-452F-479E-A28F-AF300C5C1633}.Release|Win32.Build.0 = Release|Win32
		{69508827-452F-479E-A28F-AF300C5C1633}.Release|x64.ActiveCfg = Release|x64
		{69508827-452F-479E-A28F-AF300C5C1633}.Release|x64.Build.0 = Release|x64
		{0FCF8B72-B1A4-48E8-A938-8631174ACFC7}.Debug|Win32.ActiveCfg = Debug|Win32
		{0FCF8B72-B1A4-48E8-A938-8631174ACFC7}.Debug|Win32.Build.0 = Debug|Win32
		{0FCF8B72-B1A4-48E8-A938-8631174ACFC7}.Debug|x64.ActiveCfg = Debug|x64
		{0FCF8B72-B1A4-48E8-A938-8631174ACFC7}.Debug|x64.Build.0 = Debug|x64
		{0FCF8B72-B1A4-48E8-A938-8631174ACFC7}.Release|Win32.ActiveCfg = Release|Win32
		{0FCF8B72-B1A4-48E8-A938-8631174ACFC7}.Release|Win32.Build.0 = Release|Win32
		{0FCF8B72-B1A4-48E8-A938-8631174ACFC7}.Release|x64.ActiveCfg = Release|x64
		{0FCF8B72-B1A4-48E8-A938-8631174ACFC7}.Release|x64.Build.0 = Release|x64
		{3B56B4A3-F4F6-44EC-A7F5-E9045A3C3394}.Debug|Win32.ActiveCfg = Debug|Win32
		{3B56B4A3-F4F6-44EC-A7F5-E9045A3C3394}.Debug|Win32.Build.0 = Debug|Win32
		{3B56B4A3-F4F6-44EC-A7F5-E9045A3C3394}.Debug|x64.ActiveCfg = Debug|x64
		{3B56B4A3-F4F6-44EC-A7F5-E9045A3C3394}.Debug|x64.Build.0 = Debug|x64
		{3B56B4A3-F4F6-44EC-A7F5-E9045A3C3394}.Release|Win32.ActiveCfg = Release|Win32
		{3B56B4A3-F4F6-44EC-A7F5-E9045A3C3394}.Release|Win32.Build.0 = Release|Win32
		{3B56B4A3-F4F6-44EC-A7F5-E9045A3C3394}.Release|x64.ActiveCfg = Release|x64
		{3B56B4A3-F4F6-44EC-A7F5-E9045A3C3394}.Release|x64.Build.0 = Release|x64
		{ED61E2D0-F586-4B4E-9CE6-BAE8F03DBBC7}.Debug|Win32.ActiveCfg = Debug|Win32
		{ED61E2D0-F586-4B4E-9CE6-BAE8F03DBBC7}.Debug|Win32.Build.0 = Debug|Win32
		{ED61E2D0-F586-4B4E-9CE6-BAE8F03DBBC7}.Debug|x64.ActiveCfg = Debug|x64
		{ED61E2D0-F586-4B4E-9CE6-BAE8F03DBBC7}.Debug|x64.Build.0 = Debug|x64
		{ED61E2D0-F586-4B4E-9CE6-BAE8F03DBBC7}.Release|Win32.ActiveCfg = Release|Win32
		{ED61E2D0-F586-4B4E-9CE6-BAE8F03DBBC7}.Release|Win32.Build.0 = Release|Win32
		{ED61E2D0-F586-4B4E-9CE6-BAE8F03DBBC7}.Release|x64.ActiveCfg = Release|x64
		{ED61E2D0-F586-4B4E-9CE6-BAE8F03DBBC7}.Release|x64.Build.0 = Release|x64
		{EA61B516-201C-4AB0-93C4-D43248712764}.Debug|Win32.ActiveCfg = Debug|Win32
		{EA61B516-201C-4AB0-93C4-D43248712764}.Debug|Win32.Build.0 = Debug|Win32
		{EA61B516-201C-4AB0-93C4-D43248712764}.Debug|x64.ActiveCfg = Debug|x64
		{EA61B516-201C-4AB0-93C4-D43248712764}.Debug|x64.Build.0 = Debug|x64
		{EA61B516-201C-4AB0-93C4-D43248712764}.Release|Win32.ActiveCfg = Release|Win32
		{EA61B516-201C-4AB0-93C4-D43248712764}.Release|Win32.Build.0 = Release|Win32
		{EA61B516-201C-4AB0-93C4-D43248712764}.Release|x64.ActiveCfg = Release|x64
		{EA61B516-201C-4AB0-93C4-D43248712764}.Release|x64.Build.0 = Release|x64
		{5EDCE420-14E9-46E6-B19E-E4AC3240FC94}.Debug|Win32.ActiveCfg = Debug|Win32
		{5EDCE420-14E9-46E6-B19E-E4AC3240FC94}.Debug|Win32.Build.0 = Debug|Win32
		{5EDCE420-14E9-46E6-B19E-E4AC3240FC94}.Debug|x64.ActiveCfg = Debug|x64
		{5EDCE420-14E9-46E6-B19E-E4AC3240FC94}.Debug|x64.Build.0 = Debug|x64
		{5EDCE420-14E9-46E6-B19E-E4AC3240FC94}.Release|Win32.ActiveCfg = Release|Win32
		{5EDCE420-14E9-46E6-B19E-E4AC3240FC94}.Release|Win32.Build.0 = Release|Win32
		{5EDCE420-14E9-46E6-B19E-E4AC3240FC94}.Release|x64.ActiveCfg = Release|x64
		{5EDCE420-14E9-46E6-B19E-E4AC3240FC94}.Release|x64.Build.0 = Release|x64
		{15AD9007-29B9-462F-B7BE-A433B6E83EC9}.Debug|Win32.ActiveCfg = Debug|Win32
		{15AD9007-29B9-462F-B7BE-A433B6E83EC9}.Debug|Win32.Build.0 = Debug|Win32
		{15AD9007-29B9-462F-B7BE-A433B6E83EC9}.Debug|x64.ActiveCfg = Debug|x64
		{15AD9007-29B9-462F-B7BE-A433B6E83EC9}.Debug|x64.Build.0 = Debug|x64
		{15AD9007-29B9-462F-B7BE-A433B6E83EC9}.Release|Win32.ActiveCfg = Release|Win32
		{15AD9007-29B9-462F-B7BE-A433B6E83EC9}.Release|Win32.Build.0 = Release|Win32
		{15AD9007-29B9-462F-B7BE-A433B6E83EC9}.Release|x64.ActiveCfg = Release|x64
		{15AD9007-29B9-462F-B7BE-A433B6E83EC9}.Release|x64.Build.0 = Release|x64
		{81701143-86EC-4436-9CF7-697EE748BCE8}.Debug|Win32.ActiveCfg = Debug|Win32
		{81701143-86EC-4436-9CF7-697EE748BCE8}.Debug|Win32.Build.0 = Debug|Win32
		{81701143-86EC-4436-9CF7-697EE748BCE8}.Debug|x64.ActiveCfg = Debug|x64
		{81701143-86EC-4436-9CF7-697EE748BCE8}.Debug|x64.Build.0 = Debug|x64
		{81701143-86EC-4436-9CF7-697EE748BCE8}.Release|Win32.ActiveCfg = Release|Win32
		{81701143-86EC-4436-9CF7-697EE748BCE8}.Release|Win32.Build.0 = Release|Win32
		{81701143-86EC-4436-9CF7-697EE748BCE8}.Release|x64.ActiveCfg = Release|x64
		{81701143-86EC-4436-9CF7-697EE748BCE8}.Release|x64.Build.0 = Release|x64
		{1220DC3A-2E6D-492E-95B2-73968C209940}.Debug|Win32.ActiveCfg = Debug|Win32
		{1220DC3A-2E6D-492E-95B2-73968C209940}.Debug|Win32.Build.0 = Debug|Win32
		{1220DC3A-2E6D-492E-95B2-73968C209940}.Debug|x64.ActiveCfg = Debug|x64
		{1220DC3A-2E6D-492E-95B2-73968C209940}.Debug|x64.Build.0 = Debug|x64
		{1220DC3A-2E6D-492E-95B2-73968C209940}.Release|Win32.ActiveCfg = Release|Win32
		{1220DC3A-2E6D-492E-95B2-73968C209940}.Release|Win32.Build.0 = Release|Win32
		{1220DC3A-2E6D-492E-95B2-73968C209940}.Release|x64.ActiveCfg = Release|x64
		{1220DC3A-2E6D-492E-95B2-73968C209940}.Release|x64.Build.0 = Release|x64
		{2ECFC1AE-8829-4A91-9B6E-2BEFC569ACF7}.Debug|Win32.ActiveCfg = Debug|Win32
		{2ECFC1AE-8829-4A91-9B6E-2BEFC569ACF7}.Debug|Win32.Build.0 = Debug|Win32
		{2ECFC1AE-8829-4A91-9B6E-2BEFC569ACF7}.Debug|x64.ActiveCfg = Debug|x64
		{2ECFC1AE-8829-4A91-9B6E-2BEFC569ACF7}.Debug|x64.Build.0 = Debug|x64
		{2ECFC1AE-8829-4A91-9B6E-2BEFC569ACF7}.Release|Win32.ActiveCfg = Release|Win32
		{2ECFC1AE-8829-4A91-9B6E-2BEFC569ACF7}.Release|Win32.Build.0 = Release|Win32
		{2ECFC1AE-8829-4A91-9B6E-2BEFC569ACF7}.Release|x64.ActiveCfg = Release|x64
		{2ECFC1AE-8829-4A91-9B6E-2BEFC569ACF7}.Release|x64.Build.0 = Release|x64
		{01F120A2-7E71-4C3A-B4A8-1F396DA7A0AD}.Debug|Win32.ActiveCfg = Debug|Win32
		{01F120A2-7E71-4C3A-B4A8-1F396DA7A0AD}.Debug|Win32.Build.0 = Debug|Win32
		{01F120A2-7E71-4C3A-B4A8-1F396DA7A0AD}.Debug|x64.ActiveCfg = Debug|x64
		{01F120A2-7E71-4C3A-B4A8-1F396DA7A0AD}.Debug|x64.Build.0 = Debug|x64
		{01F120A2-7E71-4C3A-B4A8-1F396DA7A0AD}.Release|Win32.ActiveCfg = Release|Win32
		{01F120A2-7E71-4C3A-B4A8-1F396DA7A0AD}.Release|Win32.Build.0 = Release|Win32
		{01F120A2-7E71-4C3A-B4A8-1F396DA7A0AD}.Release|x64.ActiveCfg = Release|x64
		{01F120A2-7E71-4C3A-B4A8-1F396DA7A0AD}.Release|x64.Build.0 = Release|x64
		{84891947-5BFB-45F2-B495-20B93AAB1B44}.Debug|Win32.ActiveCfg = Debug|Win32
		{84891947-5BFB-45F2-B495-20B93AAB1B44}.Debug|Win32.Build.0 = Debug|Win32
		{84891947-5BFB-45F2-B495-20B93AAB1B44}.Debug|x64.ActiveCfg = Debug|x64
		{84891947-5BFB-45F2-B495-20B93AAB1B44}.Debug|x64.Build.0 = Debug|x64
		{84891947-5BFB-45F2-B495-20B93AAB1B44}.Release|Win32.ActiveCfg = Release|Win32
		{84891947-5BFB-45F2-B495-20B93AAB1B44}.Release|Win32.Build.0 = Release|Win32
		{84891947-5BFB-45F2-B495-20B93AAB1B44}.Release|x64.ActiveCfg = Release|x64
		{84891947-5BFB-45F2-B495-20B93AAB1B44}.Release|x64.Build.0 = Release|x64
		{C051C262-E929-4A27-B8A6-1BC5345747B6}.Debug|Win32.ActiveCfg = Debug|Win32
		{C051C262-E929-4A27-B8A6-1BC5345747B6}.Debug|Win32.Build.0 = Debug|Win32
		{C051C262-E929-4A27-B8A6-1BC5345747B6}.Debug|x64.ActiveCfg = Debug|x64
		{C051C262-E929-4A27-B8A6-1BC5345747B6}.Debug|x64.Build.0 = Debug|x64
		{C051C262-E929-4A27-B8A6-1BC5345747B6}.Release|Win32.ActiveCfg = Release|Win32
		{C051C262-E929-4A27-B8A6-1BC5345747B6}.Release|Win32.Build.0 = Release|Win32
		{C051C262-E929-4A27-B8A6-1BC5345747B6}.Release|x64.ActiveCfg = Release|x64
		{C051C262-E929-4A27-B8A6-1BC5345747B6}.Release|x64.Build.0 = Release|x64
		{3D321437-3220-4BAF-AA87-A5D6297BBE82}.Debug|Win32.ActiveCfg = Debug|Win32
		{3D321437-3220-4BAF-AA87-A5D6297BBE82}.Debug|Win32.Build.0 = Debug|Win32
		{3D321437-3220-4BAF-AA87-A5D6297BBE82}.Debug|x64.ActiveCfg = Debug|x64
		{3D321437-3220-4BAF-AA87-A5D6297BBE82}.Debug|x64.Build.0 = Debug|x64
		{3D321437-3220-4BAF-AA87-A5D6297BBE82}.Release|Win32.ActiveCfg = Release|Win32
		{3D321437-3220-4BAF-AA87-A5D6297BBE82}.Release|Win32.Build.0 = Release|Win32
		{3D321437-3220-4BAF-AA87-A5D6297BBE82}.Release|x64.ActiveCfg = Release|x64
		{3D321437-3220-4BAF-AA87-A5D6297BBE82}.Release|x64.Build.0 = Release|x64
		{8C499723-AB70-4401-9089-864A948532AF}.Debug|Win32.ActiveCfg = Debug|Win32
		{8C499723-AB70-4401-9089-864A948532AF}.Debug|Win32.Build.0 = Debug|Win32
		{8C499723-AB70-4401-9089-864A948532AF}.Debug|x64.ActiveCfg = Debug|x64
		{8C499723-AB70-4401-9089-864A948532AF}.Debug|x64.Build.0 = Debug|x64
		{8C499723-AB70-4401-9089-864A948532AF}.Release|Win32.ActiveCfg = Release|Win32
		{8C499723-AB70-4401-9089-864A948532AF}.Release|Win32.Build.0 = Release|Win32
		{8C499723-AB70-4401-9089-864A948532AF}.Release|x64.ActiveCfg = Release|x64
		{8C499723-AB70-4401-9089-864A948532AF}.Release|x64.Build.0 = Release|x64
		{02D60EA4-E979-4333-AF22-909B005BED04}.Debug|Win32.ActiveCfg = Debug|Win32
		{02D60EA4-E979-4333-AF22-909B005BED04}.Debug|Win32.Build.0 = Debug|Win32
		{02D60EA4-E979-4333-AF22-909B005BED04}.Debug|x64.ActiveCfg = Debug|x64
		{02D60EA4-E979-4333-AF22-909B005BED04}.Debug|x64.Build.0 = Debug|x64
		{02D60EA4-E979-4333-AF22-909B005BED04}.Release|Win32.ActiveCfg = Release|Win32
		{02D60EA4-E979-4333-AF22-909B005BED04}.Release|Win32.Build.0 = Release|Win32
		{02D60EA4-E979-4333-AF22-909B005BED04}.Release|x64.ActiveCfg = Release|x64
		{02D60EA4-E979-4333-AF22-909B005BED04}.Release|x64.Build.0 = Release|x64
		{9B322934-ADAB-4D13-965E-E27879370F77}.Debug|Win32.ActiveCfg = Debug|Win32
		{9B322934-ADAB-4D13-965E-E27879370F77}.Debug|Win32.Build.0 = Debug|Win32
		{9B322934-ADAB-4D13-965E-E27879370F77}.Debug|x64.ActiveCfg = Debug|x64
		{9B322934-ADAB-4D13-965E-E27879370F77}.Debug|x64.Build.0 = Debug|x64
		{9B322934-ADAB-4D13-965E-E27879370F77}.Release|Win32.ActiveCfg = Release|Win32
		{9B322934-ADAB-4D13-965E-E27879370F77}.Release|Win32.Build.0 = Release|Win32
		{9B322934-ADAB-4D13-965E-E27879370F77}.Release|x64.ActiveCfg = Release|x64
		{9B322934-ADAB-4D13-965E-E27879370F77}.Release|x64.Build.0 = Release|x64
		{CD421114-D215-4B1E-A884-55CD1858802D}.Debug|Win32.ActiveCfg = Debug|Win32
		{CD421114-D215-4B1E-A884-55CD1858802D}.Debug|Win32.Build.0 = Debug|Win32
		{CD421114-D215-4B1E-A884-55CD1858802D}.Debug|x64.ActiveCfg = Debug|x64
		{CD421114-D215-4B1E-A884-55CD1858802D}.Debug|x64.Build.0 = Debug|x64
		{CD421114-D215-4B1E-A884-55CD1858802D}.Release|Win32.ActiveCfg = Release|Win32
		{CD421114-D215-4B1E-A884-55CD1858802D}.Release|Win32.Build.0 = Release|Win32
		{CD421114-D215-4B1E-A884-55CD1858802D}.Release|x64.ActiveCfg = Release|x64
		{CD421114-D215-4B1E-A884-55CD1858802D}.Release|x64.Build.0 = Release|x64
		{58516232-A3AD-4D87-B469-C5CF828AE8F1}.Debug|Win32.ActiveCfg = Debug|Win32
		{58516232-A3AD-4D87-B469-C5CF828AE8F1}.Debug|Win32.Build.0 = Debug|Win32
		{58516232-A3AD-4D87-B469-C5CF828AE8F1}.Debug|x64.ActiveCfg = Debug|x64
		{58516232-A3AD-4D87-B469-C5CF828AE8F1}.Debug|x64.Build.0 = Debug|x64
		{58516232-A3AD-4D87-B469-C5CF828AE8F1}.Release|Win32.ActiveCfg = Release|Win32
		{58516232-A3AD-4D87-B469-C5CF828AE8F1}.Release|Win32.Build.0 = Release|Win32
		{58516232-A3AD-4D87-B469-C5CF828AE8F1}.Release|x64.ActiveCfg = Release|x64
		{58516232-A3AD-4D87-B469-C5CF828AE8F1}.Release|x64.Build.0 = Release|x64
		{B0596B9D-8303-4FD1-8A0A-5DB7882F6F89}.Debug|Win32.ActiveCfg = Debug|Win32
		{B0596B9D-8303-4FD1-8A0A-5DB7882F6F89}.Debug|Win32.Build.0 = Debug|Win32
		{B0596B9D-8303-4FD1-8A0A-5DB7882F6F89}.Debug|x64.ActiveCfg = Debug|x64
		{B0596B9D-8303-4FD1-8A0A-5DB7882F6F89}.Debug|x64.Build.0 = Debug|x64
		{B0596B9D-8303-4FD1-8A0A-5DB7882F6F89}.Release|Win32.ActiveCfg = Release|Win32
		{B0596B9D-8303-4FD1-8A0A-5DB7882F6F89}.Release|Win32.Build.0 = Release|Win32
		{B0596B9D-8303-4FD1-8A0A-5DB7882F6F89}.Release|x64.ActiveCfg = Release|x64
		{B0596B9D-8303-4FD1-8A0A-5DB7882F6F89}.Release|x64.Build.0 = Release|x64
		{3888C39F-2F1A-40F0-B75E-7EF50D1B5CA7}.Debug|Win32.ActiveCfg = Debug|Win32
		{3888C39F-2F1A-40F0-B75E-7EF50D1B5CA7}.Debug|Win32.Build.0 = Debug|Win32
		{3888C39F-2F1A-40F0-B75E-7EF50D1B5CA7}.Debug|x64.ActiveCfg = Debug|x64
		{3888C39F-2F1A-40F0-B75E-7EF50D1B5CA7}.Debug|x64.Build.0 = Debug|x64
		{3888C39F-2F1A-40F0-B75E-7EF50D1B5CA7}.Release|Win32.ActiveCfg = Release|Win32
		{3888C39F-2F1A-40F0-B75E-7EF50D1B5CA7}.Release|Win32.Build.0 = Release|Win32
		{3888C39F-2F1A-40F0-B75E-7EF50D1B5CA7}.Release|x64.ActiveCfg = Release|x64
		{3888C39F-2F1A-40F0-B75E-7EF50D1B5CA7}.Release|x64.Build.0 = Release|x64
		{E438720E-5FD4-DC27-B547-B4F8BAEB1FD6}.Debug|Win32.ActiveCfg = Debug|Win32
		{E438720E-5FD4-DC27-B547-B4F8BAEB1FD6}.Debug|Win32.Build.0 = Debug|Win32
		{E438720E-5FD4-DC27-B547-B4F8BAEB1FD6}.Debug|x64.ActiveCfg = Debug|x64
		{E438720E-5FD4-DC27-B547-B4F8BAEB1FD6}.Debug|x64.Build.0 = Debug|x64
		{E438720E-5FD4-DC27-B547-B4F8BAEB1FD6}.Release|Win32.ActiveCfg = Release|Win32
		{E438720E-5FD4-DC27-B547-B4F8BAEB1FD6}.Release|Win32.Build.0 = Release|Win32
		{E438720E-5FD4-DC27-B547-B4F8BAEB1FD6}.Release|x64.ActiveCfg = Release|x64
		{E438720E-5FD4-DC27-B547-B4F8BAEB1FD6}.Release|x64.Build.0 = Release|x64
		{97C8E773-9F28-4A36-B8B5-D28046B3FDDD}.Debug|Win32.ActiveCfg = Debug|Win32
		{97C8E773-9F28-4A36-B8B5-D28046B3FDDD}.Debug|Win32.Build.0 = Debug|Win32
		{97C8E773-9F28-4A36-B8B5-D28046B3FDDD}.Debug|x64.ActiveCfg = Debug|x64
		{97C8E773-9F28-4A36-B8B5-D28046B3FDDD}.Debug|x64.Build.0 = Debug|x64
		{97C8E773-9F28-4A36-B8B5-D28046B3FDDD}.Release|Win32.ActiveCfg = Release|Win32
		{97C8E773-9F28-4A36-B8B5-D28046B3FDDD}.Release|Win32.Build.0 = Release|Win32
		{97C8E773-9F28-4A36-B8B5-D28046B3FDDD}.Release|x64.ActiveCfg = Release|x64
		{97C8E773-9F28-4A36-B8B5-D28046B3FDDD}.Release|x64.Build.0 = Release|x64
		{F1EB4266-766C-4087-95F4-387A955B12AA}.Debug|Win32.ActiveCfg = Debug|Win32
		{F1EB4266-766C-4087-95F4-387A955B12AA}.Debug|Win32.Build.0 = Debug|Win32
		{F1EB4266-766C-4087-95F4-387A955B12AA}.Debug|x64.ActiveCfg = Debug|x64
		{F1EB4266-766C-4087-95F4-387A955B12AA}.Debug|x64.Build.0 = Debug|x64
		{F1EB4266-766C-4087-95F4-387A955B12AA}.Release|Win32.ActiveCfg = Release|Win32
		{F1EB4266-766C-4087-95F4-387A955B12AA}.Release|Win32.Build.0 = Release|Win32
		{F1EB4266-766C-4087-95F4-387A955B12AA}.Release|x64.ActiveCfg = Release|x64
		{F1EB4266-766C-4087-95F4-387A955B12AA}.Release|x64.Build.0 = Release|x64
		{4B446510-FA62-AD02-51BA-9BDE9564FF26}.Debug|Win32.ActiveCfg = Debug|Win32
		{4B446510-FA62-AD02-51BA-9BDE9564FF26}.Debug|Win32.Build.0 = Debug|Win32
		{4B446510-FA62-AD02-51BA-9BDE9564FF26}.Debug|x64.ActiveCfg = Debug|x64
		{4B446510-FA62-AD02-51BA-9BDE9564FF26}.Debug|x64.Build.0 = Debug|x64
		{4B446510-FA62-AD02-51BA-9BDE9564FF26}.Release|Win32.ActiveCfg = Release|Win32
		{4B446510-FA62-AD02-51BA-9BDE9564FF26}.Release|Win32.Build.0 = Release|Win32
		{4B446510-FA62-AD02-51BA-9BDE9564FF26}.Release|x64.ActiveCfg = Release|x64
		{4B446510-FA62-AD02-51BA-9BDE9564FF26}.Release|x64.Build.0 = Release|x64
		{120FA1C6-37AA-42CE-B922-346BF91EEC0F}.Debug|Win32.ActiveCfg = Debug|Win32
		{120FA1C6-37AA-42CE-B922-346BF91EEC0F}.Debug|Win32.Build.0 = Debug|Win32
		{120FA1C6-37AA-42CE-B922-346BF91EEC0F}.Debug|x64.ActiveCfg = Debug|x64
		{120FA1C6-37AA-42CE-B922-346BF91EEC0F}.Debug|x64.Build.0 = Debug|x64
		{120FA1C6-37AA-42CE-B922-346BF91EEC0F}.Release|Win32.ActiveCfg = Release|Win32
		{120FA1C6-37AA-42CE-B922-346BF91EEC0F}.Release|Win32.Build.0 = Release|Win32
		{120FA1C6-37AA-42CE-B922-346BF91EEC0F}.Release|x64.ActiveCfg = Release|x64
		{120FA1C6-37AA-42CE-B922-346BF91EEC0F}.Release|x64.Build.0 = Release|x64
		{78B079BD-9FC7-4B9E-B4A6-96DA0F00248B}.Debug|Win32.ActiveCfg = Debug Static|Win32
		{78B079BD-9FC7-4B9E-B4A6-96DA0F00248B}.Debug|Win32.Build.0 = Debug Static|Win32
		{78B079BD-9FC7-4B9E-B4A6-96DA0F00248B}.Debug|x64.ActiveCfg = Debug Static|x64
		{78B079BD-9FC7-4B9E-B4A6-96DA0F00248B}.Debug|x64.Build.0 = Debug Static|x64
		{78B079BD-9FC7-4B9E-B4A6-96DA0F00248B}.Release|Win32.ActiveCfg = Release Static|Win32
		{78B079BD-9FC7-4B9E-B4A6-96DA0F00248B}.Release|Win32.Build.0 = Release Static|Win32
		{78B079BD-9FC7-4B9E-B4A6-96DA0F00248B}.Release|x64.ActiveCfg = Release Static|x64
		{78B079BD-9FC7-4B9E-B4A6-96DA0F00248B}.Release|x64.Build.0 = Release Static|x64
		{9A6A2463-D5CE-47DD-B69F-E13B08F8E1EC}.Debug|Win32.ActiveCfg = Debug|Win32
		{9A6A2463-D5CE-47DD-B69F-E13B08F8E1EC}.Debug|Win32.Build.0 = Debug|Win32
		{9A6A2463-D5CE-47DD-B69F-E13B08F8E1EC}.Debug|x64.ActiveCfg = Debug|x64
		{9A6A2463-D5CE-47DD-B69F-E13B08F8E1EC}.Debug|x64.Build.0 = Debug|x64
		{9A6A2463-D5CE-47DD-B69F-E13B08F8E1EC}.Release|Win32.ActiveCfg = Release|Win32
		{9A6A2463-D5CE-47DD-B69F-E13B08F8E1EC}.Release|Win32.Build.0 = Release|Win32
		{9A6A2463-D5CE-47DD-B69F-E13B08F8E1EC}.Release|x64.ActiveCfg = Release|x64
		{9A6A2463-D5CE-47DD-B69F-E13B08F8E1EC}.Release|x64.Build.0 = Release|x64
		{D319214F-4C16-406A-9AD5-70D1B4F4AA4E}.Debug|Win32.ActiveCfg = Debug|Win32
		{D319214F-4C16-406A-9AD5-70D1B4F4AA4E}.Debug|Win32.Build.0 = Debug|Win32
		{D319214F-4C16-406A-9AD5-70D1B4F4AA4E}.Debug|x64.ActiveCfg = Debug|x64
		{D319214F-4C16-406A-9AD5-70D1B4F4AA4E}.Debug|x64.Build.0 = Debug|x64
		{D319214F-4C16-406A-9AD5-70D1B4F4AA4E}.Release|Win32.ActiveCfg = Release|Win32
		{D319214F-4C16-406A-9AD5-70D1B4F4AA4E}.Release|Win32.Build.0 = Release|Win32
		{D319214F-4C16-406A-9AD5-70D1B4F4AA4E}.Release|x64.ActiveCfg = Release|x64
		{D319214F-4C16-406A-9AD5-70D1B4F4AA4E}.Release|x64.Build.0 = Release|x64
		{A04A53AA-4991-4D8C-906C-428D15DB89D2}.Debug|Win32.ActiveCfg = Debug|Win32
		{A04A53AA-4991-4D8C-906C-428D15DB89D2}.Debug|Win32.Build.0 = Debug|Win32
		{A04A53AA-4991-4D8C-906C-428D15DB89D2}.Debug|x64.ActiveCfg = Debug|x64
		{A04A53AA-4991-4D8C-906C-428D15DB89D2}.Debug|x64.Build.0 = Debug|x64
		{A04A53AA-4991-4D8C-906C-428D15DB89D2}.Release|Win32.ActiveCfg = Release|Win32
		{A04A53AA-4991-4D8C-906C-428D15DB89D2}.Release|Win32.Build.0 = Release|Win32
		{A04A53AA-4991-4D8C-906C-428D15DB89D2}.Release|x64.ActiveCfg = Release|x64
		{A04A53AA-4991-4D8C-906C-428D15DB89D2}.Release|x64.Build.0 = Release|x64
		{0AB5C43E-DEAD-4C33-9B56-702BAFC1EA37}.Debug|Win32.ActiveCfg = Debug|Win32
		{0AB5C43E-DEAD-4C33-9B56-702BAFC1EA37}.Debug|Win32.Build.0 = Debug|Win32
		{0AB5C43E-DEAD-4C33-9B56-702BAFC1EA37}.Debug|x64.ActiveCfg = Debug|x64
		{0AB5C43E-DEAD-4C33-9B56-702BAFC1EA37}.Debug|x64.Build.0 = Debug|x64
		{0AB5C43E-DEAD-4C33-9B56-702BAFC1EA37}.Release|Win32.ActiveCfg = Release|Win32
		{0AB5C43E-DEAD-4C33-9B56-702BAFC1EA37}.Release|Win32.Build.0 = Release|Win32
		{0AB5C43E-DEAD-4C33-9B56-702BAFC1EA37}.Release|x64.ActiveCfg = Release|x64
		{0AB5C43E-DEAD-4C33-9B56-702BAFC1EA37}.Release|x64.Build.0 = Release|x64
		{60F5D59B-7647-25B1-BF47-8527687DA8AE}.Debug|Win32.ActiveCfg = Debug|Win32
		{60F5D59B-7647-25B1-BF47-8527687DA8AE}.Debug|Win32.Build.0 = Debug|Win32
		{60F5D59B-7647-25B1-BF47-8527687DA8AE}.Debug|x64.ActiveCfg = Debug|x64
		{60F5D59B-7647-25B1-BF47-8527687DA8AE}.Debug|x64.Build.0 = Debug|x64
		{60F5D59B-7647-25B1-BF47-8527687DA8AE}.Release|Win32.ActiveCfg = Release|Win32
		{60F5D59B-7647-25B1-BF47-8527687DA8AE}.Release|Win32.Build.0 = Release|Win32
		{60F5D59B-7647-25B1-BF47-8527687DA8AE}.Release|x64.ActiveCfg = Release|x64
		{60F5D59B-7647-25B1-BF47-8527687DA8AE}.Release|x64.Build.0 = Release|x64
		{EF72A11B-BC6E-4F5E-AFAB-34C87ED8ED7C}.Debug|Win32.ActiveCfg = Debug|Win32
		{EF72A11B-BC6E-4F5E-AFAB-34C87ED8ED7C}.Debug|Win32.Build.0 = Debug|Win32
		{EF72A11B-BC6E-4F5E-AFAB-34C87ED8ED7C}.Debug|x64.ActiveCfg = Debug|x64
		{EF72A11B-BC6E-4F5E-AFAB-34C87ED8ED7C}.Debug|x64.Build.0 = Debug|x64
		{EF72A11B-BC6E-4F5E-AFAB-34C87ED8ED7C}.Release|Win32.ActiveCfg = Release|Win32
		{EF72A11B-BC6E-4F5E-AFAB-34C87ED8ED7C}.Release|Win32.Build.0 = Release|Win32
		{EF72A11B-BC6E-4F5E-AFAB-34C87ED8ED7C}.Release|x64.ActiveCfg = Release|x64
		{EF72A11B-BC6E-4F5E-AFAB-34C87ED8ED7C}.Release|x64.Build.0 = Release|x64
		{E00E7A03-E0B0-4F9B-82A1-1448CC321BBD}.Debug|Win32.ActiveCfg = Debug|Win32
		{E00E7A03-E0B0-4F9B-82A1-1448CC321BBD}.Debug|Win32.Build.0 = Debug|Win32
		{E00E7A03-E0B0-4F9B-82A1-1448CC321BBD}.Debug|x64.ActiveCfg = Debug|x64
		{E00E7A03-E0B0-4F9B-82A1-1448CC321BBD}.Debug|x64.Build.0 = Debug|x64
		{E00E7A03-E0B0-4F9B-82A1-1448CC321BBD}.Release|Win32.ActiveCfg = Release|Win32
		{E00E7A03-E0B0-4F9B-82A1-1448CC321BBD}.Release|Win32.Build.0 = Release|Win32
		{E00E7A03-E0B0-4F9B-82A1-1448CC321BBD}.Release|x64.ActiveCfg = Release|x64
		{E00E7A03-E0B0-4F9B-82A1-1448CC321BBD}.Release|x64.Build.0 = Release|x64
		{096504A2-764C-494A-805C-D16815AC0DC5}.Debug|Win32.ActiveCfg = Debug|Win32
		{096504A2-764C-494A-805C-D16815AC0DC5}.Debug|Win32.Build.0 = Debug|Win32
		{096504A2-764C-494A-805C-D16815AC0DC5}.Debug|x64.ActiveCfg = Debug|x64
		{096504A2-764C-494A-805C-D16815AC0DC5}.Debug|x64.Build.0 = Debug|x64
		{096504A2-764C-494A-805C-D16815AC0DC5}.Release|Win32.ActiveCfg = Release|Win32
		{096504A2-764C-494A-805C-D16815AC0DC5}.Release|Win32.Build.0 = Release|Win32
		{096504A2-764C-494A-805C-D16815AC0DC5}.Release|x64.ActiveCfg = Release|x64
		{096504A2-764C-494A-805C-D16815AC0DC5}.Release|x64.Build.0 = Release|x64
		{1655DC47-0291-4459-86D5-D8FF39212EA6}.Debug|Win32.ActiveCfg = Debug|Win32
		{1655DC47-0291-4459-86D5-D8FF39212EA6}.Debug|Win32.Build.0 = Debug|Win32
		{1655DC47-0291-4459-86D5-D8FF39212EA6}.Debug|x64.ActiveCfg = Debug|x64
		{1655DC47-0291-4459-86D5-D8FF39212EA6}.Debug|x64.Build.0 = Debug|x64
		{1655DC47-0291-4459-86D5-D8FF39212EA6}.Release|Win32.ActiveCfg = Release|Win32
		{1655DC47-0291-4459-86D5-D8FF39212EA6}.Release|Win32.Build.0 = Release|Win32
		{1655DC47-0291-4459-86D5-D8FF39212EA6}.Release|x64.ActiveCfg = Release|x64
		{1655DC47-0291-4459-86D5-D8FF39212EA6}.Release|x64.Build.0 = Release|x64
		{D2DF8893-610C-49E8-B016-47AA0622E3D6}.Debug|Win32.ActiveCfg = Debug|Win32
		{D2DF8893-610C-49E8-B016-47AA0622E3D6}.Debug|Win32.Build.0 = Debug|Win32
		{D2DF8893-610C-49E8-B016-47AA0622E3D6}.Debug|x64.ActiveCfg = Debug|x64
		{D2DF8893-610C-49E8-B016-47AA0622E3D6}.Debug|x64.Build.0 = Debug|x64
		{D2DF8893-610C-49E8-B016-47AA0622E3D6}.Release|Win32.ActiveCfg = Release|Win32
		{D2DF8893-610C-49E8-B016-47AA0622E3D6}.Release|Win32.Build.0 = Release|Win32
		{D2DF8893-610C-49E8-B016-47AA0622E3D6}.Release|x64.ActiveCfg = Release|x64
		{D2DF8893-610C-49E8-B016-47AA0622E3D6}.Release|x64.Build.0 = Release|x64
		{568C6092-C213-4E8D-B0C0-2BAE495182F6}.Debug|Win32.ActiveCfg = Debug|Win32
		{568C6092-C213-4E8D-B0C0-2BAE495182F6}.Debug|Win32.Build.0 = Debug|Win32
		{568C6092-C213-4E8D-B0C0-2BAE495182F6}.Debug|x64.ActiveCfg = Debug|x64
		{568C6092-C213-4E8D-B0C0-2BAE495182F6}.Debug|x64.Build.0 = Debug|x64
		{568C6092-C213-4E8D-B0C0-2BAE495182F6}.Release|Win32.ActiveCfg = Release|Win32
		{568C6092-C213-4E8D-B0C0-2BAE495182F6}.Release|Win32.Build.0 = Release|Win32
		{568C6092-C213-4E8D-B0C0-2BAE495182F6}.Release|x64.ActiveCfg = Release|x64
		{568C6092-C213-4E8D-B0C0-2BAE495182F6}.Release|x64.Build.0 = Release|x64
		{7F768E1B-51FB-46E9-88C6-43E9F136710A}.Debug|Win32.ActiveCfg = Debug|Win32
		{7F768E1B-51FB-46E9-88C6-43E9F136710A}.Debug|Win32.Build.0 = Debug|Win32
		{7F768E1B-51FB-46E9-88C6-43E9F136710A}.Debug|x64.ActiveCfg = Debug|x64
		{7F768E1B-51FB-46E9-88C6-43E9F136710A}.Debug|x64.Build.0 = Debug|x64
		{7F768E1B-51FB-46E9-88C6-43E9F136710A}.Release|Win32.ActiveCfg = Release|Win32
		{7F768E1B-51FB-46E9-88C6-43E9F136710A}.Release|Win32.Build.0 = Release|Win32
		{7F768E1B-51FB-46E9-88C6-43E9F136710A}.Release|x64.ActiveCfg = Release|x64
		{7F768E1B-51FB-46E9-88C6-43E9F136710A}.Release|x64.Build.0 = Release|x64
		{4B88C6DA-6F89-499D-A0C2-8174871CB6A8}.Debug|Win32.ActiveCfg = Debug|Win32
		{4B88C6DA-6F89-499D-A0C2-8174871CB6A8}.Debug|Win32.Build.0 = Debug|Win32
		{4B88C6DA-6F89-499D-A0C2-8174871CB6A8}.Debug|x64.ActiveCfg = Debug|x64
		{4B88C6DA-6F89-499D-A0C2-8174871CB6A8}.Debug|x64.Build.0 = Debug|x64
		{4B88C6DA-6F89-499D-A0C2-8174871CB6A8}.Release|Win32.ActiveCfg = Release|Win32
		{4B88C6DA-6F89-499D-A0C2-8174871CB6A8}.Release|Win32.Build.0 = Release|Win32
		{4B88C6DA-6F89-499D-A0C2-8174871CB6A8}.Release|x64.ActiveCfg = Release|x64
		{4B88C6DA-6F89-499D-A0C2-8174871CB6A8}.Release|x64.Build.0 = Release|x64
		{957A90B6-81AC-4E4E-91BC-EBDAE03EC104}.Debug|Win32.ActiveCfg = Debug|Win32
		{957A90B6-81AC-4E4E-91BC-EBDAE03EC104}.Debug|Win32.Build.0 = Debug|Win32
		{957A90B6-81AC-4E4E-91BC-EBDAE03EC104}.Debug|x64.ActiveCfg = Debug|x64
		{957A90B6-81AC-4E4E-91BC-EBDAE03EC104}.Debug|x64.Build.0 = Debug|x64
		{957A90B6-81AC-4E4E-91BC-EBDAE03EC104}.Release|Win32.ActiveCfg = Release|Win32
		{957A90B6-81AC-4E4E-91BC-EBDAE03EC104}.Release|Win32.Build.0 = Release|Win32
		{957A90B6-81AC-4E4E-91BC-EBDAE03EC104}.Release|x64.ActiveCfg = Release|x64
		{957A90B6-81AC-4E4E-91BC-EBDAE03EC104}.Release|x64.Build.0 = Release|x64
		{C6E7C35E-432F-45BB-9327-DB8879734D48}.Debug|Win32.ActiveCfg = Debug|Win32
		{C6E7C35E-432F-45BB-9327-DB8879734D48}.Debug|Win32.Build.0 = Debug|Win32
		{C6E7C35E-432F-45BB-9327-DB8879734D48}.Debug|x64.ActiveCfg = Debug|x64
		{C6E7C35E-432F-45BB-9327-DB8879734D48}.Debug|x64.Build.0 = Debug|x64
		{C6E7C35E-432F-45BB-9327-DB8879734D48}.Release|Win32.ActiveCfg = Release|Win32
		{C6E7C35E-432F-45BB-9327-DB8879734D48}.Release|Win32.Build.0 = Release|Win32
		{C6E7C35E-432F-45BB-9327-DB8879734D48}.Release|x64.ActiveCfg = Release|x64
		{C6E7C35E-432F-45BB-9327-DB8879734D48}.Release|x64.Build.0 = Release|x64
		{416EE095-EA66-4FA4-BE02-0CE790766B25}.Debug|Win32.ActiveCfg = Debug|Win32
		{416EE095-EA66-4FA4-BE02-0CE790766B25}.Debug|Win32.Build.0 = Debug|Win32
		{416EE095-EA66-4FA4-BE02-0CE790766B25}.Debug|x64.ActiveCfg = Debug|x64
		{416EE095-EA66-4FA4-BE02-0CE790766B25}.Debug|x64.Build.0 = Debug|x64
		{416EE095-EA66-4FA4-BE02-0CE790766B25}.Release|Win32.ActiveCfg = Release|Win32
		{416EE095-EA66-4FA4-BE02-0CE790766B25}.Release|Win32.Build.0 = Release|Win32
		{416EE095-EA66-4FA4-BE02-0CE790766B25}.Release|x64.ActiveCfg = Release|x64
		{416EE095-EA66-4FA4-BE02-0CE790766B25}.Release|x64.Build.0 = Release|x64
		{03B7EEFD-9214-4B93-8862-15EF9615F862}.Debug|Win32.ActiveCfg = Debug|Win32
		{03B7EEFD-9214-4B93-8862-15EF9615F862}.Debug|Win32.Build.0 = Debug|Win32
		{03B7EEFD-9214-4B93-8862-15EF9615F862}.Debug|x64.ActiveCfg = Debug|x64
		{03B7EEFD-9214-4B93-8862-15EF9615F862}.Debug|x64.Build.0 = Debug|x64
		{03B7EEFD-9214-4B93-8862-15EF9615F862}.Release|Win32.ActiveCfg = Release|Win32
		{03B7EEFD-9214-4B93-8862-15EF9615F862}.Release|Win32.Build.0 = Release|Win32
		{03B7EEFD-9214-4B93-8862-15EF9615F862}.Release|x64.ActiveCfg = Release|x64
		{03B7EEFD-9214-4B93-8862-15EF9615F862}.Release|x64.Build.0 = Release|x64
		{5BA934D0-8FA1-49D8-964D-5D4E6154388E}.Debug|Win32.ActiveCfg = Debug|Win32
		{5BA934D0-8FA1-49D8-964D-5D4E6154388E}.Debug|Win32.Build.0 = Debug|Win32
		{5BA934D0-8FA1-49D8-964D-5D4E6154388E}.Debug|x64.ActiveCfg = Debug|x64
		{5BA934D0-8FA1-49D8-964D-5D4E6154388E}.Debug|x64.Build.0 = Debug|x64
		{5BA934D0-8FA1-49D8-964D-5D4E6154388E}.Release|Win32.ActiveCfg = Release|Win32
		{5BA934D0-8FA1-49D8-964D-5D4E6154388E}.Release|Win32.Build.0 = Release|Win32
		{5BA934D0-8FA1-49D8-964D-5D4E6154388E}.Release|x64.ActiveCfg = Release|x64
		{5BA934D0-8FA1-49D8-964D-5D4E6154388E}.Release|x64.Build.0 = Release|x64
	EndGlobalSection
	GlobalSection(SolutionProperties) = preSolution
		HideSolutionNode = FALSE
	EndGlobalSection
	GlobalSection(NestedProjects) = preSolution
		{AB34E6B5-083B-4463-9CF0-21B02F4C5D48} = {4CBC12AC-0837-43A8-B098-E47F096F91F0}
		{EE4583A8-C1F3-4353-B504-4D739466FF63} = {4CBC12AC-0837-43A8-B098-E47F096F91F0}
		{2423F23A-B689-F3F7-A864-A1729EC337C9} = {FA650D5D-355E-46E0-9D03-5DA8E3AA6C80}
		{EC366B0C-68AA-4C2D-A15F-5CF9F4156B01} = {FA650D5D-355E-46E0-9D03-5DA8E3AA6C80}
		{F849E92C-248A-46B2-9EAB-F86578A21316} = {FA650D5D-355E-46E0-9D03-5DA8E3AA6C80}
		{4DB73ACE-2D47-4A6C-8213-2BE191DD921F} = {FA650D5D-355E-46E0-9D03-5DA8E3AA6C80}
		{4B446510-FA62-AD02-51BA-9BDE9564FF26} = {FA650D5D-355E-46E0-9D03-5DA8E3AA6C80}
		{120FA1C6-37AA-42CE-B922-346BF91EEC0F} = {FA650D5D-355E-46E0-9D03-5DA8E3AA6C80}
		{78B079BD-9FC7-4B9E-B4A6-96DA0F00248B} = {FA650D5D-355E-46E0-9D03-5DA8E3AA6C80}
		{685F6A5E-B74A-4ACF-873F-A5A6FB6AC8C9} = {EC366B0C-68AA-4C2D-A15F-5CF9F4156B01}
		{A180777F-1EE0-4E11-90CA-D81B01D45ED3} = {EC366B0C-68AA-4C2D-A15F-5CF9F4156B01}
		{CC4F834A-FA9B-40AD-BA2C-5BDFDF95BDFA} = {EC366B0C-68AA-4C2D-A15F-5CF9F4156B01}
		{01F120A2-7E71-4C3A-B4A8-1F396DA7A0AD} = {EC366B0C-68AA-4C2D-A15F-5CF9F4156B01}
		{9A6A2463-D5CE-47DD-B69F-E13B08F8E1EC} = {EC366B0C-68AA-4C2D-A15F-5CF9F4156B01}
		{0AB5C43E-DEAD-4C33-9B56-702BAFC1EA37} = {EC366B0C-68AA-4C2D-A15F-5CF9F4156B01}
		{60F5D59B-7647-25B1-BF47-8527687DA8AE} = {EC366B0C-68AA-4C2D-A15F-5CF9F4156B01}
		{8A994BD7-54A9-4104-BA15-7D464E628591} = {DC591EF0-82F7-433C-B43D-1EED3A0F0E67}
		{0FCF8B72-B1A4-48E8-A938-8631174ACFC7} = {DC591EF0-82F7-433C-B43D-1EED3A0F0E67}
		{3B56B4A3-F4F6-44EC-A7F5-E9045A3C3394} = {DC591EF0-82F7-433C-B43D-1EED3A0F0E67}
		{EA61B516-201C-4AB0-93C4-D43248712764} = {DC591EF0-82F7-433C-B43D-1EED3A0F0E67}
		{81701143-86EC-4436-9CF7-697EE748BCE8} = {DC591EF0-82F7-433C-B43D-1EED3A0F0E67}
		{1220DC3A-2E6D-492E-95B2-73968C209940} = {DC591EF0-82F7-433C-B43D-1EED3A0F0E67}
		{C051C262-E929-4A27-B8A6-1BC5345747B6} = {DC591EF0-82F7-433C-B43D-1EED3A0F0E67}
		{8C499723-AB70-4401-9089-864A948532AF} = {DC591EF0-82F7-433C-B43D-1EED3A0F0E67}
		{9B322934-ADAB-4D13-965E-E27879370F77} = {DC591EF0-82F7-433C-B43D-1EED3A0F0E67}
		{58516232-A3AD-4D87-B469-C5CF828AE8F1} = {DC591EF0-82F7-433C-B43D-1EED3A0F0E67}
		{97C8E773-9F28-4A36-B8B5-D28046B3FDDD} = {DC591EF0-82F7-433C-B43D-1EED3A0F0E67}
		{A04A53AA-4991-4D8C-906C-428D15DB89D2} = {DC591EF0-82F7-433C-B43D-1EED3A0F0E67}
		{EF72A11B-BC6E-4F5E-AFAB-34C87ED8ED7C} = {DC591EF0-82F7-433C-B43D-1EED3A0F0E67}
		{E00E7A03-E0B0-4F9B-82A1-1448CC321BBD} = {DC591EF0-82F7-433C-B43D-1EED3A0F0E67}
		{1655DC47-0291-4459-86D5-D8FF39212EA6} = {DC591EF0-82F7-433C-B43D-1EED3A0F0E67}
		{568C6092-C213-4E8D-B0C0-2BAE495182F6} = {DC591EF0-82F7-433C-B43D-1EED3A0F0E67}
		{4B88C6DA-6F89-499D-A0C2-8174871CB6A8} = {DC591EF0-82F7-433C-B43D-1EED3A0F0E67}
		{5BA934D0-8FA1-49D8-964D-5D4E6154388E} = {DC591EF0-82F7-433C-B43D-1EED3A0F0E67}
		{0D7CDC51-E10F-4ECC-88BB-CE415D80599E} = {8A994BD7-54A9-4104-BA15-7D464E628591}
		{63B63694-6773-47AE-8785-A25D8A5BAA22} = {8A994BD7-54A9-4104-BA15-7D464E628591}
		{DB4F7DA2-1C0D-46F5-B20C-8801BD4A27F2} = {8A994BD7-54A9-4104-BA15-7D464E628591}
		{02D60EA4-E979-4333-AF22-909B005BED04} = {8A994BD7-54A9-4104-BA15-7D464E628591}
		{CD421114-D215-4B1E-A884-55CD1858802D} = {8A994BD7-54A9-4104-BA15-7D464E628591}
		{957A90B6-81AC-4E4E-91BC-EBDAE03EC104} = {8A994BD7-54A9-4104-BA15-7D464E628591}
		{C6E7C35E-432F-45BB-9327-DB8879734D48} = {8A994BD7-54A9-4104-BA15-7D464E628591}
		{AD0BA725-9F6F-474E-ADB0-1F506B1CD394} = {D6AE81FB-2D24-47BD-B23A-6AF09C99B918}
	EndGlobalSection
	GlobalSection(ExtensibilityGlobals) = postSolution
		SolutionGuid = {CE8841C8-4ACC-4708-8C62-1C21574B3EBB}
	EndGlobalSection
EndGlobal
