<?xml version="1.0" encoding="utf-8"?>
<Project ToolsVersion="4.0" xmlns="http://schemas.microsoft.com/developer/msbuild/2003">
  <ItemGroup>
    <ClCompile Include="analyzer.cpp">
      <Filter>src</Filter>
    </ClCompile>
    <ClCompile Include="calls_collector.cpp">
      <Filter>src</Filter>
    </ClCompile>
    <ClCompile Include="image_patch.cpp">
      <Filter>src</Filter>
    </ClCompile>
    <ClCompile Include="calls_collector_thread.cpp">
      <Filter>src</Filter>
    </ClCompile>
    <ClCompile Include="collector_app.cpp">
      <Filter>src</Filter>
    </ClCompile>
    <ClCompile Include="module_tracker.cpp">
      <Filter>src</Filter>
    </ClCompile>
    <ClCompile Include="process_explorer_win32.cpp">
      <Filter>src\win32</Filter>
    </ClCompile>
    <ClCompile Include="thread_monitor.cpp">
      <Filter>src</Filter>
    </ClCompile>
    <ClCompile Include="process_explorer_linux.cpp">
      <Filter>src\unix</Filter>
    </ClCompile>
    <ClCompile Include="process_explorer_macos.cpp">
      <Filter>src\macos</Filter>
    </ClCompile>
    <ClCompile Include="allocator.cpp">
      <Filter>src</Filter>
    </ClCompile>
    <ClCompile Include="collector_app_server.cpp">
      <Filter>src</Filter>
    </ClCompile>
  </ItemGroup>
  <ItemGroup>
    <Filter Include="src">
      <UniqueIdentifier>{5b266d6a-4d52-49ec-a6e7-6fcd2ba6732e}</UniqueIdentifier>
    </Filter>
    <Filter Include="src\win32">
      <UniqueIdentifier>{59e32c8f-7264-48cb-8162-c901965494ce}</UniqueIdentifier>
    </Filter>
    <Filter Include="src\unix">
      <UniqueIdentifier>{a7b2acc8-fb66-4f01-b088-717131e77974}</UniqueIdentifier>
    </Filter>
    <Filter Include="src\macos">
      <UniqueIdentifier>{c3746242-c961-4000-8fdd-849566429d7a}</UniqueIdentifier>
    </Filter>
  </ItemGroup>
  <ItemGroup>
    <ClInclude Include="..\analyzer.h" />
    <ClInclude Include="..\calls_collector.h" />
    <ClInclude Include="..\primitives.h" />
    <ClInclude Include="..\image_patch.h" />
    <ClInclude Include="..\calls_collector_thread.h" />
    <ClInclude Include="..\collector_app.h" />
    <ClInclude Include="..\module_tracker.h" />
    <ClInclude Include="..\shadow_stack.h" />
    <ClInclude Include="..\serialization.h" />
    <ClInclude Include="..\types.h" />
    <ClInclude Include="..\thread_monitor.h" />
    <ClInclude Include="process_explorer.h">
      <Filter>src</Filter>
    </ClInclude>
    <ClInclude Include="..\allocator.h" />
  </ItemGroup>
  <ItemGroup>
    <MASM Include="calls_collector_msvc.asm">
      <Filter>src</Filter>
    </MASM>
  </ItemGroup>
</Project>