<?xml version="1.0" encoding="utf-8"?>
<Project ToolsVersion="4.0" xmlns="http://schemas.microsoft.com/developer/msbuild/2003">
  <ItemGroup>
    <ClCompile Include="frontend\frontend-main.cpp" />
    <ClCompile Include="frontend\ProfilerAddin.cpp">
      <Filter>frontend</Filter>
    </ClCompile>
    <ClCompile Include="micro-profiler.initializer.cpp" />
    <ClCompile Include="micro-profiler.initializer.mfc-static.cpp" />
  </ItemGroup>
  <ItemGroup>
    <None Include="micro-profiler.ps.def" />
    <None Include="frontend\appicon.ico">
      <Filter>frontend\resources</Filter>
    </None>
    <None Include="frontend\micro-profiler-sink.rgs">
      <Filter>frontend\resources</Filter>
    </None>
    <None Include="frontend\micro-profiler-addin.rgs">
      <Filter>frontend\resources</Filter>
    </None>
  </ItemGroup>
  <ItemGroup>
    <Filter Include="frontend">
      <UniqueIdentifier>{2eb2703f-0b40-44c6-8806-9ba363609cc8}</UniqueIdentifier>
    </Filter>
    <Filter Include="frontend\resources">
      <UniqueIdentifier>{d9d64e11-21ee-4368-a3cb-481d4b3d1745}</UniqueIdentifier>
    </Filter>
  </ItemGroup>
  <ItemGroup>
    <Manifest Include="frontend\xpstyle.manifest">
      <Filter>frontend\resources</Filter>
    </Manifest>
  </ItemGroup>
  <ItemGroup>
    <ResourceCompile Include="frontend\micro-profiler-frontend.rc">
      <Filter>frontend\resources</Filter>
    </ResourceCompile>
  </ItemGroup>
</Project>