<?xml version="1.0" encoding="utf-8"?>
<Project ToolsVersion="4.0" xmlns="http://schemas.microsoft.com/developer/msbuild/2003">
  <ItemGroup>
    <ClCompile Include="frontend\symbol_resolver.cpp">
      <Filter>frontend</Filter>
    </ClCompile>
    <ClCompile Include="frontend\function_list.cpp">
      <Filter>frontend</Filter>
    </ClCompile>
    <ClCompile Include="collector\calls_collector.cpp">
      <Filter>collector</Filter>
    </ClCompile>
    <ClCompile Include="collector\system.cpp">
      <Filter>collector</Filter>
    </ClCompile>
    <ClCompile Include="common\formatting.cpp">
      <Filter>common</Filter>
    </ClCompile>
    <ClCompile Include="collector\analyzer.cpp">
      <Filter>collector</Filter>
    </ClCompile>
    <ClCompile Include="collector\statistics_bridge.cpp">
      <Filter>collector</Filter>
    </ClCompile>
    <ClCompile Include="frontend\object_lock.cpp">
      <Filter>frontend</Filter>
    </ClCompile>
    <ClCompile Include="_generated\frontend_i.c">
      <Filter>_generated</Filter>
    </ClCompile>
    <ClCompile Include="collector\frontend_controller.cpp">
      <Filter>collector</Filter>
    </ClCompile>
    <ClCompile Include="frontend\columns_model.cpp">
      <Filter>frontend</Filter>
    </ClCompile>
  </ItemGroup>
  <ItemGroup>
    <ClInclude Include="frontend\symbol_resolver.h">
      <Filter>frontend</Filter>
    </ClInclude>
    <ClInclude Include="frontend\function_list.h">
      <Filter>frontend</Filter>
    </ClInclude>
    <ClInclude Include="collector\analyzer.h">
      <Filter>collector</Filter>
    </ClInclude>
    <ClInclude Include="collector\calls_collector.h">
      <Filter>collector</Filter>
    </ClInclude>
    <ClInclude Include="collector\system.h">
      <Filter>collector</Filter>
    </ClInclude>
    <ClInclude Include="common\formatting.h">
      <Filter>common</Filter>
    </ClInclude>
    <ClInclude Include="common\com_helpers.h">
      <Filter>common</Filter>
    </ClInclude>
    <ClInclude Include="common\ordered_view.h">
      <Filter>common</Filter>
    </ClInclude>
    <ClInclude Include="common\pod_vector.h">
      <Filter>common</Filter>
    </ClInclude>
    <ClInclude Include="common\primitives.h">
      <Filter>common</Filter>
    </ClInclude>
    <ClInclude Include="collector\statistics_bridge.h">
      <Filter>collector</Filter>
    </ClInclude>
    <ClInclude Include="frontend\object_lock.h">
      <Filter>frontend</Filter>
    </ClInclude>
    <ClInclude Include="_generated\frontend.h">
      <Filter>_generated</Filter>
    </ClInclude>
    <ClInclude Include="collector\frontend_controller.h">
      <Filter>collector</Filter>
    </ClInclude>
    <ClInclude Include="frontend\columns_model.h">
      <Filter>frontend</Filter>
    </ClInclude>
  </ItemGroup>
  <ItemGroup>
    <Filter Include="_generated">
      <UniqueIdentifier>{02ed0606-6a23-412b-9339-ebe48d1a28ac}</UniqueIdentifier>
    </Filter>
    <Filter Include="frontend">
      <UniqueIdentifier>{079096d4-99d2-47bf-bd0d-82899bf2dc0e}</UniqueIdentifier>
    </Filter>
    <Filter Include="collector">
      <UniqueIdentifier>{402cd3fa-9bdc-414c-b3d7-961e631116e0}</UniqueIdentifier>
    </Filter>
    <Filter Include="common">
      <UniqueIdentifier>{6be9edac-94ee-4755-82d2-c219e37ae903}</UniqueIdentifier>
    </Filter>
  </ItemGroup>
  <ItemGroup>
    <MASM Include="collector\hooks.asm">
      <Filter>collector</Filter>
    </MASM>
  </ItemGroup>
</Project>