<?xml version="1.0" encoding="utf-8"?>
<Project ToolsVersion="4.0" xmlns="http://schemas.microsoft.com/developer/msbuild/2003">
  <ItemGroup>
    <CustomBuild Include="frontend.idl" />
  </ItemGroup>
  <ItemGroup>
    <Filter Include="_generated">
      <UniqueIdentifier>{22b66fb4-38e4-4eec-885d-d0527ee5edfe}</UniqueIdentifier>
    </Filter>
  </ItemGroup>
  <ItemGroup>
    <ClCompile Include="_generated\dlldata.c">
      <Filter>_generated</Filter>
    </ClCompile>
    <ClCompile Include="_generated\frontend_i.c">
      <Filter>_generated</Filter>
    </ClCompile>
    <ClCompile Include="_generated\frontend_p.c">
      <Filter>_generated</Filter>
    </ClCompile>
  </ItemGroup>
  <ItemGroup>
    <ClInclude Include="_generated\frontend.h">
      <Filter>_generated</Filter>
    </ClInclude>
  </ItemGroup>
</Project>