<?xml version="1.0" encoding="utf-8"?>
<Project ToolsVersion="4.0" xmlns="http://schemas.microsoft.com/developer/msbuild/2003">
  <ItemGroup>
    <ClCompile Include="AnalyzerTests.cpp" />
    <ClCompile Include="CallCollectorTests.cpp" />
    <ClCompile Include="COMHelpersTests.cpp" />
    <ClCompile Include="FrontendControllerTests.cpp" />
    <ClCompile Include="Helpers.cpp" />
    <ClCompile Include="ImageLoadQueueTests.cpp" />
    <ClCompile Include="IPCClientServerTests.cpp" />
    <ClCompile Include="MiscTests.cpp" />
    <ClCompile Include="Mockups.cpp" />
    <ClCompile Include="ObjectLockTests.cpp" />
    <ClCompile Include="PrimitivesTests.cpp" />
    <ClCompile Include="ShadowStackTests.cpp" />
    <ClCompile Include="StatisticsBridgeTests.cpp" />
    <ClCompile Include="SymbolResolverTests.cpp" />
    <ClCompile Include="TextFormattingServicesTests.cpp" />
    <ClCompile Include="TracedFunctions.cpp" />
    <ClCompile Include="frontend\ColumnsModelTests.cpp">
      <Filter>Frontend</Filter>
    </ClCompile>
    <ClCompile Include="frontend\FunctionHistoryTests.cpp">
      <Filter>Frontend</Filter>
    </ClCompile>
    <ClCompile Include="frontend\FunctionListTests.cpp">
      <Filter>Frontend</Filter>
    </ClCompile>
    <ClCompile Include="frontend\OrderedViewTests.cpp">
      <Filter>Frontend</Filter>
    </ClCompile>
  </ItemGroup>
  <ItemGroup>
    <ClInclude Include="assert.h" />
    <ClInclude Include="Helpers.h" />
    <ClInclude Include="Mockups.h" />
    <ClInclude Include="TracedFunctions.h" />
    <ClInclude Include="frontend\Mockups.h">
      <Filter>Frontend</Filter>
    </ClInclude>
  </ItemGroup>
  <ItemGroup>
    <None Include="run-tests.vs10.cmd" />
    <None Include="run-tests.vs9.cmd" />
  </ItemGroup>
  <ItemGroup>
    <Filter Include="Frontend">
      <UniqueIdentifier>{56a87683-e058-4f4a-b189-6e9331a5421c}</UniqueIdentifier>
    </Filter>
  </ItemGroup>
</Project>