<?xml version="1.0" encoding="utf-8"?>
<Project ToolsVersion="4.0" xmlns="http://schemas.microsoft.com/developer/msbuild/2003">
  <ItemGroup>
    <ClCompile Include="AnalyzerTests.cpp" />
    <ClCompile Include="CallCollectorTests.cpp" />
    <ClCompile Include="COMHelpersTests.cpp" />
    <ClCompile Include="Helpers.cpp" />
    <ClCompile Include="MiscTests.cpp" />
    <ClCompile Include="PrimitivesTests.cpp" />
    <ClCompile Include="ShadowStackTests.cpp" />
    <ClCompile Include="frontend\OrderedViewTests.cpp">
      <Filter>frontend</Filter>
    </ClCompile>
    <ClCompile Include="frontend\FunctionListTests.cpp">
      <Filter>frontend</Filter>
    </ClCompile>
    <ClCompile Include="TextFormattingServicesTests.cpp" />
    <ClCompile Include="StatisticsBridgeTests.cpp" />
    <ClCompile Include="Mockups.cpp" />
    <ClCompile Include="SymbolResolverTests.cpp" />
    <ClCompile Include="ObjectLockTests.cpp" />
    <ClCompile Include="TracedFunctions.cpp" />
    <ClCompile Include="FrontendControllerTests.cpp" />
    <ClCompile Include="ImageLoadQueueTests.cpp" />
    <ClCompile Include="frontend\ColumnsModelTests.cpp">
      <Filter>frontend</Filter>
    </ClCompile>
  </ItemGroup>
  <ItemGroup>
    <ClInclude Include="Helpers.h" />
    <ClInclude Include="Mockups.h" />
    <ClInclude Include="TracedFunctions.h" />
  </ItemGroup>
  <ItemGroup>
    <None Include="run-tests.vs10.cmd" />
    <None Include="run-tests.vs9.cmd" />
  </ItemGroup>
  <ItemGroup>
    <Filter Include="frontend">
      <UniqueIdentifier>{dfa672e2-bbd6-4731-a1f7-726e100f9a55}</UniqueIdentifier>
    </Filter>
  </ItemGroup>
</Project>