<?xml version="1.0" encoding="utf-8"?>
<Project ToolsVersion="4.0" xmlns="http://schemas.microsoft.com/developer/msbuild/2003">
  <ItemGroup>
    <ClCompile Include="ApplicationTests.cpp" />
    <ClCompile Include="UtilitiesTests.cpp" />
    <ClCompile Include="CVSSCTests.cpp" />
    <ClCompile Include="FSTests.cpp" />
    <ClCompile Include="TestHelpers.cpp" />
    <ClCompile Include="MTTests.cpp" />
  </ItemGroup>
  <ItemGroup>
    <ClInclude Include="TestHelpers.h" />
  </ItemGroup>
</Project>