<?xml version="1.0" encoding="utf-8"?>
<Project ToolsVersion="4.0" xmlns="http://schemas.microsoft.com/developer/msbuild/2003">
  <ItemGroup>
    <ClCompile Include="main.cpp" />
    <ClCompile Include="ProfilerMainDialog.cpp" />
    <ClCompile Include="application_win32.cpp" />
  </ItemGroup>
  <ItemGroup>
    <ClInclude Include="resources\resource.h">
      <Filter>resources</Filter>
    </ClInclude>
    <ClInclude Include="ProfilerMainDialog.h" />
    <ClInclude Include="application.h" />
  </ItemGroup>
  <ItemGroup>
    <Filter Include="resources">
      <UniqueIdentifier>{52c79bfb-1a3b-474c-b330-5753ef866d32}</UniqueIdentifier>
    </Filter>
  </ItemGroup>
  <ItemGroup>
    <None Include="resources\appicon.ico">
      <Filter>resources</Filter>
    </None>
    <None Include="resources\micro-profiler-frontend.rgs">
      <Filter>resources</Filter>
    </None>
    <None Include="application_macos.mm" />
  </ItemGroup>
  <ItemGroup>
    <ResourceCompile Include="resources\micro-profiler_standalone.rc">
      <Filter>resources</Filter>
    </ResourceCompile>
  </ItemGroup>
  <ItemGroup>
    <Manifest Include="standalone.manifest" />
  </ItemGroup>
</Project>