<?xml version="1.0" encoding="utf-8"?>
<Project ToolsVersion="4.0" xmlns="http://schemas.microsoft.com/developer/msbuild/2003">
  <ItemGroup>
    <ClCompile Include="linear_scale_ruler.cpp">
      <Filter>src</Filter>
    </ClCompile>
    <ClCompile Include="log_scale_ruler.cpp">
      <Filter>src</Filter>
    </ClCompile>
  </ItemGroup>
  <ItemGroup>
    <Filter Include="src">
      <UniqueIdentifier>{d53e9ce4-e594-4470-ad28-ad4628b2638e}</UniqueIdentifier>
    </Filter>
  </ItemGroup>
  <ItemGroup>
    <ClInclude Include="..\display_scale.h" />
    <ClInclude Include="..\histogram.h" />
    <ClInclude Include="..\scale.h" />
    <ClInclude Include="..\scale_ruler.h" />
    <ClInclude Include="..\serialization.h" />
    <ClInclude Include="..\variant.h" />
    <ClInclude Include="..\variant_scale.h" />
  </ItemGroup>
</Project>