
Microsoft Visual Studio Solution File, Format Version 11.00
# Visual Studio 2010
Project("{8BC9CEB8-8B4A-11D0-8D11-00A0C91BC942}") = "micro-profiler", "micro-profiler\micro-profiler.vcxproj", "{D5D49128-2510-4A14-9A0F-9F8F0ABAD700}"
EndProject
Project("{8BC9CEB8-8B4A-11D0-8D11-00A0C91BC942}") = "playground", "playground\playground.vcxproj", "{3D930790-1E56-4749-9B09-731E22556CB1}"
EndProject
Project("{8BC9CEB8-8B4A-11D0-8D11-00A0C91BC942}") = "micro-profiler-stub", "micro-profiler-stub\micro-profiler-stub.vcxproj", "{AF81C293-B9C3-449A-AF62-80EE5C345DE3}"
EndProject
Project("{8BC9CEB8-8B4A-11D0-8D11-00A0C91BC942}") = "deployment", "deployment\deployment.vcxproj", "{AB34E6B5-083B-4463-9CF0-21B02F4C5D48}"
	ProjectSection(ProjectDependencies) = postProject
		{D5D49128-2510-4A14-9A0F-9F8F0ABAD700} = {D5D49128-2510-4A14-9A0F-9F8F0ABAD700}
		{AF81C293-B9C3-449A-AF62-80EE5C345DE3} = {AF81C293-B9C3-449A-AF62-80EE5C345DE3}
		{3D930790-1E56-4749-9B09-731E22556CB1} = {3D930790-1E56-4749-9B09-731E22556CB1}
		{6E34F1C3-EC9C-4580-BDEE-83CE58CAA1BF} = {6E34F1C3-EC9C-4580-BDEE-83CE58CAA1BF}
	EndProjectSection
EndProject
Project("{8BC9CEB8-8B4A-11D0-8D11-00A0C91BC942}") = "micro-profiler.tests", "micro-profiler.tests\micro-profiler.tests.vcxproj", "{6E34F1C3-EC9C-4580-BDEE-83CE58CAA1BF}"
EndProject
Project("{8BC9CEB8-8B4A-11D0-8D11-00A0C91BC942}") = "mt", "libraries\wpl\mt\src\mt.vcxproj", "{4DB355C8-12F1-4BBD-842C-F8D085B52F8C}"
EndProject
Project("{8BC9CEB8-8B4A-11D0-8D11-00A0C91BC942}") = "mt.tests", "libraries\wpl\mt\tests\mt.tests.vcxproj", "{CB422FF5-92D5-45BA-99DD-9B9D42CBA88F}"
EndProject
Project("{8BC9CEB8-8B4A-11D0-8D11-00A0C91BC942}") = "ui", "libraries\wpl\ui\src\ui.vcxproj", "{2423F23A-B689-F3F7-A864-A1729EC337C9}"
EndProject
Project("{8BC9CEB8-8B4A-11D0-8D11-00A0C91BC942}") = "ui.tests", "libraries\wpl\ui\tests\ui.tests.vcxproj", "{685F6A5E-B74A-4ACF-873F-A5A6FB6AC8C9}"
EndProject
Global
	GlobalSection(SolutionConfigurationPlatforms) = preSolution
		Debug|Win32 = Debug|Win32
		Release|Win32 = Release|Win32
	EndGlobalSection
	GlobalSection(ProjectConfigurationPlatforms) = postSolution
		{D5D49128-2510-4A14-9A0F-9F8F0ABAD700}.Debug|Win32.ActiveCfg = Debug|Win32
		{D5D49128-2510-4A14-9A0F-9F8F0ABAD700}.Debug|Win32.Build.0 = Debug|Win32
		{D5D49128-2510-4A14-9A0F-9F8F0ABAD700}.Release|Win32.ActiveCfg = Release|Win32
		{D5D49128-2510-4A14-9A0F-9F8F0ABAD700}.Release|Win32.Build.0 = Release|Win32
		{3D930790-1E56-4749-9B09-731E22556CB1}.Debug|Win32.ActiveCfg = Debug|Win32
		{3D930790-1E56-4749-9B09-731E22556CB1}.Debug|Win32.Build.0 = Debug|Win32
		{3D930790-1E56-4749-9B09-731E22556CB1}.Release|Win32.ActiveCfg = Release|Win32
		{3D930790-1E56-4749-9B09-731E22556CB1}.Release|Win32.Build.0 = Release|Win32
		{AF81C293-B9C3-449A-AF62-80EE5C345DE3}.Debug|Win32.ActiveCfg = Debug|Win32
		{AF81C293-B9C3-449A-AF62-80EE5C345DE3}.Debug|Win32.Build.0 = Debug|Win32
		{AF81C293-B9C3-449A-AF62-80EE5C345DE3}.Release|Win32.ActiveCfg = Release|Win32
		{AF81C293-B9C3-449A-AF62-80EE5C345DE3}.Release|Win32.Build.0 = Release|Win32
		{AB34E6B5-083B-4463-9CF0-21B02F4C5D48}.Debug|Win32.ActiveCfg = Release|Win32
		{AB34E6B5-083B-4463-9CF0-21B02F4C5D48}.Release|Win32.ActiveCfg = Release|Win32
		{AB34E6B5-083B-4463-9CF0-21B02F4C5D48}.Release|Win32.Build.0 = Release|Win32
		{6E34F1C3-EC9C-4580-BDEE-83CE58CAA1BF}.Debug|Win32.ActiveCfg = Debug|Win32
		{6E34F1C3-EC9C-4580-BDEE-83CE58CAA1BF}.Debug|Win32.Build.0 = Debug|Win32
		{6E34F1C3-EC9C-4580-BDEE-83CE58CAA1BF}.Release|Win32.ActiveCfg = Release|Win32
		{6E34F1C3-EC9C-4580-BDEE-83CE58CAA1BF}.Release|Win32.Build.0 = Release|Win32
		{4DB355C8-12F1-4BBD-842C-F8D085B52F8C}.Debug|Win32.ActiveCfg = Debug|Win32
		{4DB355C8-12F1-4BBD-842C-F8D085B52F8C}.Debug|Win32.Build.0 = Debug|Win32
		{4DB355C8-12F1-4BBD-842C-F8D085B52F8C}.Release|Win32.ActiveCfg = Release|Win32
		{4DB355C8-12F1-4BBD-842C-F8D085B52F8C}.Release|Win32.Build.0 = Release|Win32
		{CB422FF5-92D5-45BA-99DD-9B9D42CBA88F}.Debug|Win32.ActiveCfg = Debug|Win32
		{CB422FF5-92D5-45BA-99DD-9B9D42CBA88F}.Debug|Win32.Build.0 = Debug|Win32
		{CB422FF5-92D5-45BA-99DD-9B9D42CBA88F}.Release|Win32.ActiveCfg = Release|Win32
		{CB422FF5-92D5-45BA-99DD-9B9D42CBA88F}.Release|Win32.Build.0 = Release|Win32
		{2423F23A-B689-F3F7-A864-A1729EC337C9}.Debug|Win32.ActiveCfg = Debug|Win32
		{2423F23A-B689-F3F7-A864-A1729EC337C9}.Debug|Win32.Build.0 = Debug|Win32
		{2423F23A-B689-F3F7-A864-A1729EC337C9}.Release|Win32.ActiveCfg = Release|Win32
		{2423F23A-B689-F3F7-A864-A1729EC337C9}.Release|Win32.Build.0 = Release|Win32
		{685F6A5E-B74A-4ACF-873F-A5A6FB6AC8C9}.Debug|Win32.ActiveCfg = Debug|Win32
		{685F6A5E-B74A-4ACF-873F-A5A6FB6AC8C9}.Debug|Win32.Build.0 = Debug|Win32
		{685F6A5E-B74A-4ACF-873F-A5A6FB6AC8C9}.Release|Win32.ActiveCfg = Release|Win32
		{685F6A5E-B74A-4ACF-873F-A5A6FB6AC8C9}.Release|Win32.Build.0 = Release|Win32
	EndGlobalSection
	GlobalSection(SolutionProperties) = preSolution
		HideSolutionNode = FALSE
	EndGlobalSection
EndGlobal
