<?xml version="1.0" encoding="utf-8"?>
<Project ToolsVersion="4.0" xmlns="http://schemas.microsoft.com/developer/msbuild/2003">
  <ItemGroup>
    <ClCompile Include="log.cpp">
      <Filter>src</Filter>
    </ClCompile>
    <ClCompile Include="multithreaded_logger.cpp">
      <Filter>src</Filter>
    </ClCompile>
  </ItemGroup>
  <ItemGroup>
    <Filter Include="src">
      <UniqueIdentifier>{f3d06c6a-725a-4e2b-9cd4-fc79e5eb2b4a}</UniqueIdentifier>
    </Filter>
  </ItemGroup>
  <ItemGroup>
    <ClInclude Include="..\log.h" />
    <ClInclude Include="..\multithreaded_logger.h" />
  </ItemGroup>
</Project>