<?xml version="1.0" encoding="utf-8"?>
<Project ToolsVersion="4.0" xmlns="http://schemas.microsoft.com/developer/msbuild/2003">
  <ItemGroup>
    <ClCompile Include="frontend.cpp">
      <Filter>src</Filter>
    </ClCompile>
    <ClCompile Include="frontend_manager.cpp">
      <Filter>src</Filter>
    </ClCompile>
    <ClCompile Include="process_list.cpp">
      <Filter>src</Filter>
    </ClCompile>
    <ClCompile Include="untested\file.cpp">
      <Filter>src\untested</Filter>
    </ClCompile>
    <ClCompile Include="untested\ipc_manager.cpp">
      <Filter>src\untested</Filter>
    </ClCompile>
    <ClCompile Include="untested\piechart.cpp">
      <Filter>src\untested</Filter>
    </ClCompile>
    <ClCompile Include="untested\tables_ui.cpp">
      <Filter>src\untested</Filter>
    </ClCompile>
    <ClCompile Include="untested\about_ui.cpp">
      <Filter>src\untested</Filter>
    </ClCompile>
    <ClCompile Include="symbol_resolver.cpp">
      <Filter>src</Filter>
    </ClCompile>
    <ClCompile Include="threads_model.cpp">
      <Filter>src</Filter>
    </ClCompile>
    <ClCompile Include="untested\factory.cpp">
      <Filter>src\untested</Filter>
    </ClCompile>
    <ClCompile Include="untested\system_stylesheet.cpp">
      <Filter>src\untested</Filter>
    </ClCompile>
    <ClCompile Include="untested\function_hint.cpp">
      <Filter>src\untested</Filter>
    </ClCompile>
    <ClCompile Include="headers_model.cpp">
      <Filter>src</Filter>
    </ClCompile>
    <ClCompile Include="image_patch_model.cpp">
      <Filter>src</Filter>
    </ClCompile>
    <ClCompile Include="untested\image_patch_ui.cpp">
      <Filter>src\untested</Filter>
    </ClCompile>
    <ClCompile Include="frontend_patcher.cpp">
      <Filter>src</Filter>
    </ClCompile>
    <ClCompile Include="image_patch_model.cpp">
      <Filter>src</Filter>
    </ClCompile>
    <ClCompile Include="untested\statistics_poll.cpp">
      <Filter>src\untested</Filter>
    </ClCompile>
    <ClCompile Include="frontend_metadata.cpp">
      <Filter>src</Filter>
    </ClCompile>
    <ClCompile Include="profiling_preferences.cpp">
      <Filter>src</Filter>
    </ClCompile>
    <ClCompile Include="columns_layout.cpp">
      <Filter>src</Filter>
    </ClCompile>
  </ItemGroup>
  <ItemGroup>
    <ClInclude Include="..\frontend_manager.h" />
    <ClInclude Include="..\primitives.h" />
    <ClInclude Include="..\frontend.h" />
    <ClInclude Include="..\process_list.h" />
    <ClInclude Include="..\file.h" />
    <ClInclude Include="..\ipc_manager.h" />
    <ClInclude Include="..\piechart.h" />
    <ClInclude Include="..\tables_ui.h" />
    <ClInclude Include="..\about_ui.h" />
    <ClInclude Include="..\symbol_resolver.h" />
    <ClInclude Include="..\threads_model.h" />
    <ClInclude Include="..\persistence.h" />
    <ClInclude Include="..\serialization_context.h" />
    <ClInclude Include="..\factory.h" />
    <ClInclude Include="..\system_stylesheet.h" />
    <ClInclude Include="..\function_hint.h" />
    <ClInclude Include="..\headers_model.h" />
    <ClInclude Include="..\image_patch_model.h" />
    <ClInclude Include="..\frontend_ui.h" />
    <ClInclude Include="..\image_patch_ui.h" />
    <ClInclude Include="..\tables.h" />
    <ClInclude Include="..\projection_view.h" />
    <ClInclude Include="..\trackables_provider.h" />
    <ClInclude Include="..\selection_model.h" />
    <ClInclude Include="..\key.h" />
    <ClInclude Include="..\statistics_poll.h" />
    <ClInclude Include="..\serialization.h" />
    <ClInclude Include="..\profiling_session.h" />
    <ClInclude Include="..\helpers.h" />
    <ClInclude Include="..\async_file.h" />
    <ClInclude Include="..\profiling_preferences.h" />
    <ClInclude Include="..\db.h" />
    <ClInclude Include="..\column_definition.h" />
    <ClInclude Include="..\model_context.h" />
    <ClInclude Include="..\columns_layout.h" />
    <ClInclude Include="..\view_dump.h" />
    <ClInclude Include="..\constructors.h" />
    <ClInclude Include="..\models.h" />
    <ClInclude Include="..\table_model_impl.h" />
    <ClInclude Include="..\transforms.h" />
    <ClInclude Include="..\statistic_models.h" />
    <ClInclude Include="..\dynamic_views.h" />
    <ClInclude Include="..\hierarchy.h" />
  </ItemGroup>
  <ItemGroup>
    <Filter Include="src">
      <UniqueIdentifier>{363e13f7-9874-4068-beb4-1bc14f8253c2}</UniqueIdentifier>
    </Filter>
    <Filter Include="src\untested">
      <UniqueIdentifier>{5c83aa4d-fbce-4cc8-8e80-01e9d785eb45}</UniqueIdentifier>
    </Filter>
  </ItemGroup>
</Project>