<?xml version="1.0" encoding="utf-8"?>
<Project ToolsVersion="4.0" xmlns="http://schemas.microsoft.com/developer/msbuild/2003">
  <ItemGroup>
    <ClCompile Include="MultiplexingRequestTests.cpp" />
  </ItemGroup>
  <ItemGroup>
    <Filter Include="Library Headers">
      <UniqueIdentifier>{c4389d27-90ae-4102-b085-236bf28bd446}</UniqueIdentifier>
    </Filter>
  </ItemGroup>
  <ItemGroup>
    <ClInclude Include="..\multiplexing_request.h">
      <Filter>Library Headers</Filter>
    </ClInclude>
  </ItemGroup>
</Project>