<?xml version="1.0" encoding="utf-8"?>
<Project ToolsVersion="4.0" xmlns="http://schemas.microsoft.com/developer/msbuild/2003">
  <ItemGroup>
    <ClInclude Include="..\task_queue.h" />
    <ClInclude Include="..\scheduler.h" />
    <ClInclude Include="..\ui_queue.h" />
  </ItemGroup>
  <ItemGroup>
    <Filter Include="src">
      <UniqueIdentifier>{19e3a8ba-8419-4152-9dcb-74a149589796}</UniqueIdentifier>
    </Filter>
  </ItemGroup>
  <ItemGroup>
    <ClCompile Include="task_queue.cpp">
      <Filter>src</Filter>
    </ClCompile>
    <ClCompile Include="ui_queue_win32.cpp">
      <Filter>src</Filter>
    </ClCompile>
    <ClCompile Include="ui_queue_android.cpp">
      <Filter>src</Filter>
    </ClCompile>
  </ItemGroup>
  <ItemGroup>
    <None Include="ui_queue_macos.mm">
      <Filter>src</Filter>
    </None>
  </ItemGroup>
</Project>