<?xml version="1.0" encoding="utf-8"?>
<Project ToolsVersion="4.0" xmlns="http://schemas.microsoft.com/developer/msbuild/2003">
  <ItemGroup>
    <ClCompile Include="formatting.cpp">
      <Filter>src</Filter>
    </ClCompile>
    <ClCompile Include="string.cpp">
      <Filter>src</Filter>
    </ClCompile>
    <ClCompile Include="registry_configuration.cpp">
      <Filter>src</Filter>
    </ClCompile>
    <ClCompile Include="constants.cpp">
      <Filter>src</Filter>
    </ClCompile>
    <ClCompile Include="time.cpp">
      <Filter>src</Filter>
    </ClCompile>
    <ClCompile Include="time_win32.cpp">
      <Filter>src</Filter>
    </ClCompile>
    <ClCompile Include="memory_win32.cpp">
      <Filter>src</Filter>
    </ClCompile>
    <ClCompile Include="memory.cpp">
      <Filter>src</Filter>
    </ClCompile>
    <ClCompile Include="module_win32.cpp">
      <Filter>src</Filter>
    </ClCompile>
    <ClCompile Include="symbol_resolver_win32.cpp">
      <Filter>src</Filter>
    </ClCompile>
    <ClCompile Include="symbol_resolver.cpp">
      <Filter>src</Filter>
    </ClCompile>
  </ItemGroup>
  <ItemGroup>
    <Filter Include="src">
      <UniqueIdentifier>{22cb85fe-689f-4618-bf93-9099c7ea6999}</UniqueIdentifier>
    </Filter>
  </ItemGroup>
  <ItemGroup>
    <ClInclude Include="..\configuration.h" />
    <ClInclude Include="..\formatting.h" />
    <ClInclude Include="..\module.h" />
    <ClInclude Include="..\path.h" />
    <ClInclude Include="..\pod_vector.h" />
    <ClInclude Include="..\primitives.h" />
    <ClInclude Include="..\protocol.h" />
    <ClInclude Include="..\serialization.h" />
    <ClInclude Include="..\string.h" />
    <ClInclude Include="..\types.h" />
    <ClInclude Include="..\constants.h" />
    <ClInclude Include="..\symbol_resolver.h" />
    <ClInclude Include="..\memory.h" />
    <ClInclude Include="..\time.h" />
  </ItemGroup>
</Project>