<?xml version="1.0" encoding="utf-8"?>
<Project ToolsVersion="4.0" xmlns="http://schemas.microsoft.com/developer/msbuild/2003">
  <ItemGroup>
    <ClCompile Include="formatting.cpp">
      <Filter>src</Filter>
    </ClCompile>
    <ClCompile Include="string.cpp">
      <Filter>src</Filter>
    </ClCompile>
    <ClCompile Include="constants.cpp">
      <Filter>src</Filter>
    </ClCompile>
    <ClCompile Include="time.cpp">
      <Filter>src</Filter>
    </ClCompile>
    <ClCompile Include="memory.cpp">
      <Filter>src</Filter>
    </ClCompile>
    <ClCompile Include="memory_unix.cpp">
      <Filter>src\unix</Filter>
    </ClCompile>
    <ClCompile Include="memory_win32.cpp">
      <Filter>src\win32</Filter>
    </ClCompile>
    <ClCompile Include="module_win32.cpp">
      <Filter>src\win32</Filter>
    </ClCompile>
    <ClCompile Include="time_win32.cpp">
      <Filter>src\win32</Filter>
    </ClCompile>
    <ClCompile Include="elf\filemapping_unix.cpp">
      <Filter>src\unix\elf</Filter>
    </ClCompile>
    <ClCompile Include="elf\sym-elf.cpp">
      <Filter>src\unix\elf</Filter>
    </ClCompile>
    <ClCompile Include="module_linux.cpp">
      <Filter>src\unix</Filter>
    </ClCompile>
    <ClCompile Include="image_info_win32.cpp">
      <Filter>src\win32</Filter>
    </ClCompile>
    <ClCompile Include="image_info_unix.cpp">
      <Filter>src\unix</Filter>
    </ClCompile>
    <ClCompile Include="time_generic.cpp">
      <Filter>src\unix</Filter>
    </ClCompile>
    <ClCompile Include="file_id_win32.cpp">
      <Filter>src\win32</Filter>
    </ClCompile>
    <ClCompile Include="file_id_unix.cpp">
      <Filter>src\unix</Filter>
    </ClCompile>
    <ClCompile Include="configuration_registry.cpp">
      <Filter>src\win32</Filter>
    </ClCompile>
    <ClCompile Include="configuration_file.cpp">
      <Filter>src</Filter>
    </ClCompile>
    <ClCompile Include="module_macos.cpp">
      <Filter>src\macos</Filter>
    </ClCompile>
    <ClCompile Include="stream.cpp">
      <Filter>src</Filter>
    </ClCompile>
    <ClCompile Include="allocator.cpp">
      <Filter>src</Filter>
    </ClCompile>
    <ClCompile Include="pool_allocator.cpp">
      <Filter>src</Filter>
    </ClCompile>
    <ClCompile Include="file_stream.cpp">
      <Filter>src</Filter>
    </ClCompile>
    <ClCompile Include="path.cpp">
      <Filter>src</Filter>
    </ClCompile>
  </ItemGroup>
  <ItemGroup>
    <Filter Include="src">
      <UniqueIdentifier>{22cb85fe-689f-4618-bf93-9099c7ea6999}</UniqueIdentifier>
    </Filter>
    <Filter Include="src\unix">
      <UniqueIdentifier>{8eed48b5-06de-4107-89e1-4d2c28a9aab6}</UniqueIdentifier>
    </Filter>
    <Filter Include="src\win32">
      <UniqueIdentifier>{31439396-aa07-4937-be91-f7723d368ef4}</UniqueIdentifier>
    </Filter>
    <Filter Include="src\unix\elf">
      <UniqueIdentifier>{4f43e400-c8ad-4c11-be84-a49c6cdd7f0f}</UniqueIdentifier>
    </Filter>
    <Filter Include="win32">
      <UniqueIdentifier>{67ad5596-afa5-4f58-bedd-bab5e430cea9}</UniqueIdentifier>
    </Filter>
    <Filter Include="src\macos">
      <UniqueIdentifier>{523d3e64-b0a9-44a8-869c-7018854d0bc5}</UniqueIdentifier>
    </Filter>
  </ItemGroup>
  <ItemGroup>
    <ClInclude Include="..\configuration.h" />
    <ClInclude Include="..\formatting.h" />
    <ClInclude Include="..\module.h" />
    <ClInclude Include="..\path.h" />
    <ClInclude Include="..\pod_vector.h" />
    <ClInclude Include="..\primitives.h" />
    <ClInclude Include="..\protocol.h" />
    <ClInclude Include="..\serialization.h" />
    <ClInclude Include="..\string.h" />
    <ClInclude Include="..\types.h" />
    <ClInclude Include="..\constants.h" />
    <ClInclude Include="..\memory.h" />
    <ClInclude Include="..\time.h" />
    <ClInclude Include="..\range.h" />
    <ClInclude Include="elf\filemapping.h">
      <Filter>src\unix\elf</Filter>
    </ClInclude>
    <ClInclude Include="elf\sym-elf.h">
      <Filter>src\unix\elf</Filter>
    </ClInclude>
    <ClInclude Include="..\image_info.h" />
    <ClInclude Include="..\file_id.h" />
    <ClInclude Include="..\hash.h" />
    <ClInclude Include="..\unordered_map.h" />
    <ClInclude Include="..\win32\configuration_registry.h">
      <Filter>win32</Filter>
    </ClInclude>
    <ClInclude Include="..\configuration_file.h" />
    <ClInclude Include="..\stream.h" />
    <ClInclude Include="..\argument_traits.h" />
    <ClInclude Include="..\callback_monitor.h" />
    <ClInclude Include="..\noncopyable.h" />
    <ClInclude Include="..\compiler.h" />
    <ClInclude Include="..\allocator.h" />
    <ClInclude Include="..\pool_allocator.h" />
    <ClInclude Include="..\file_stream.h" />
  </ItemGroup>
</Project>