
Microsoft Visual Studio Solution File, Format Version 11.00
# Visual Studio 2010
Project("{8BC9CEB8-8B4A-11D0-8D11-00A0C91BC942}") = "IntegricityApp", "IntegricityApp\IntegricityApp.vcxproj", "{89686A7A-7B22-43C5-9C8E-F5723325C1AE}"
EndProject
Project("{8BC9CEB8-8B4A-11D0-8D11-00A0C91BC942}") = "IntegricityAddIn", "IntegricityAddIn\IntegricityAddIn.vcxproj", "{6D185E2F-2BCB-4998-A69C-04D05691ADF8}"
	ProjectSection(ProjectDependencies) = postProject
		{89686A7A-7B22-43C5-9C8E-F5723325C1AE} = {89686A7A-7B22-43C5-9C8E-F5723325C1AE}
	EndProjectSection
EndProject
Project("{8BC9CEB8-8B4A-11D0-8D11-00A0C91BC942}") = "AppTests", "AppTests\AppTests.vcxproj", "{5835AFA3-30C4-45F4-84A7-99EEF9B8E179}"
	ProjectSection(ProjectDependencies) = postProject
		{89686A7A-7B22-43C5-9C8E-F5723325C1AE} = {89686A7A-7B22-43C5-9C8E-F5723325C1AE}
	EndProjectSection
EndProject
Project("{2150E333-8FDC-42A3-9474-1A3956D46DE8}") = "Solution Items", "Solution Items", "{4449070B-DF00-45A7-9B56-698F8660F3A9}"
	ProjectSection(SolutionItems) = preProject
		Local.testsettings = Local.testsettings
		TraceAndTestImpact.testsettings = TraceAndTestImpact.testsettings
	EndProjectSection
EndProject
Project("{8BC9CEB8-8B4A-11D0-8D11-00A0C91BC942}") = "ConsoleMonitor", "ConsoleMonitor\ConsoleMonitor.vcxproj", "{41862D68-4D74-4266-A78D-48685218CF08}"
	ProjectSection(ProjectDependencies) = postProject
		{89686A7A-7B22-43C5-9C8E-F5723325C1AE} = {89686A7A-7B22-43C5-9C8E-F5723325C1AE}
	EndProjectSection
EndProject
Global
	GlobalSection(SolutionConfigurationPlatforms) = preSolution
		Debug|Win32 = Debug|Win32
		Release|Win32 = Release|Win32
		Testing|Win32 = Testing|Win32
	EndGlobalSection
	GlobalSection(ProjectConfigurationPlatforms) = postSolution
		{89686A7A-7B22-43C5-9C8E-F5723325C1AE}.Debug|Win32.ActiveCfg = Debug|Win32
		{89686A7A-7B22-43C5-9C8E-F5723325C1AE}.Debug|Win32.Build.0 = Debug|Win32
		{89686A7A-7B22-43C5-9C8E-F5723325C1AE}.Release|Win32.ActiveCfg = Release|Win32
		{89686A7A-7B22-43C5-9C8E-F5723325C1AE}.Release|Win32.Build.0 = Release|Win32
		{89686A7A-7B22-43C5-9C8E-F5723325C1AE}.Testing|Win32.ActiveCfg = Testing|Win32
		{89686A7A-7B22-43C5-9C8E-F5723325C1AE}.Testing|Win32.Build.0 = Testing|Win32
		{6D185E2F-2BCB-4998-A69C-04D05691ADF8}.Debug|Win32.ActiveCfg = Debug|Win32
		{6D185E2F-2BCB-4998-A69C-04D05691ADF8}.Debug|Win32.Build.0 = Debug|Win32
		{6D185E2F-2BCB-4998-A69C-04D05691ADF8}.Release|Win32.ActiveCfg = Release|Win32
		{6D185E2F-2BCB-4998-A69C-04D05691ADF8}.Release|Win32.Build.0 = Release|Win32
		{6D185E2F-2BCB-4998-A69C-04D05691ADF8}.Testing|Win32.ActiveCfg = Debug|Win32
		{5835AFA3-30C4-45F4-84A7-99EEF9B8E179}.Debug|Win32.ActiveCfg = Debug|Win32
		{5835AFA3-30C4-45F4-84A7-99EEF9B8E179}.Release|Win32.ActiveCfg = Debug|Win32
		{5835AFA3-30C4-45F4-84A7-99EEF9B8E179}.Testing|Win32.ActiveCfg = Debug|Win32
		{5835AFA3-30C4-45F4-84A7-99EEF9B8E179}.Testing|Win32.Build.0 = Debug|Win32
		{41862D68-4D74-4266-A78D-48685218CF08}.Debug|Win32.ActiveCfg = Debug|Win32
		{41862D68-4D74-4266-A78D-48685218CF08}.Debug|Win32.Build.0 = Debug|Win32
		{41862D68-4D74-4266-A78D-48685218CF08}.Release|Win32.ActiveCfg = Release|Win32
		{41862D68-4D74-4266-A78D-48685218CF08}.Release|Win32.Build.0 = Release|Win32
		{41862D68-4D74-4266-A78D-48685218CF08}.Testing|Win32.ActiveCfg = Release|Win32
	EndGlobalSection
	GlobalSection(SolutionProperties) = preSolution
		HideSolutionNode = FALSE
	EndGlobalSection
EndGlobal
