<?xml version="1.0" encoding="utf-8"?>
<Project ToolsVersion="4.0" xmlns="http://schemas.microsoft.com/developer/msbuild/2003">
  <ItemGroup>
    <ClInclude Include="..\vspackage.h" />
    <ClInclude Include="async.h">
      <Filter>src</Filter>
    </ClInclude>
    <ClInclude Include="pane.h">
      <Filter>src</Filter>
    </ClInclude>
    <ClInclude Include="frame.h">
      <Filter>src</Filter>
    </ClInclude>
    <ClInclude Include="..\com.h" />
  </ItemGroup>
  <ItemGroup>
    <Filter Include="src">
      <UniqueIdentifier>{d35b3d65-dee2-4adb-a02f-e7b4be50c15e}</UniqueIdentifier>
    </Filter>
  </ItemGroup>
  <ItemGroup>
    <ClCompile Include="vspackage.cpp">
      <Filter>src</Filter>
    </ClCompile>
    <ClCompile Include="async.cpp">
      <Filter>src</Filter>
    </ClCompile>
    <ClCompile Include="pane.cpp">
      <Filter>src</Filter>
    </ClCompile>
    <ClCompile Include="frame.cpp">
      <Filter>src</Filter>
    </ClCompile>
  </ItemGroup>
</Project>